// !$*UTF8*$!
{
	archiveVersion = 1;
	classes = {
	};
	objectVersion = 46;
	objects = {

/* Begin PBXBuildFile section */
		826485CF1BEA17C400A862A7 /* CameraViewController.m in Sources */ = {isa = PBXBuildFile; fileRef = 826485CE1BEA17C400A862A7 /* CameraViewController.m */; };
		826485D21BEA434F00A862A7 /* SIFaceViewController.m in Sources */ = {isa = PBXBuildFile; fileRef = 826485D11BEA434F00A862A7 /* SIFaceViewController.m */; };
		8293A3401C3C189400DE9E09 /* TutoMainViewController.m in Sources */ = {isa = PBXBuildFile; fileRef = 8293A3391C3C189400DE9E09 /* TutoMainViewController.m */; };
		8293A3411C3C189400DE9E09 /* TutoViewController.m in Sources */ = {isa = PBXBuildFile; fileRef = 8293A33B1C3C189400DE9E09 /* TutoViewController.m */; };
		8293A3421C3C189400DE9E09 /* TutoViewController.xib in Resources */ = {isa = PBXBuildFile; fileRef = 8293A33C1C3C189400DE9E09 /* TutoViewController.xib */; };
		8293A3431C3C189400DE9E09 /* UserTypeChoiceViewController.m in Sources */ = {isa = PBXBuildFile; fileRef = 8293A33E1C3C189400DE9E09 /* UserTypeChoiceViewController.m */; };
		8293A3441C3C189400DE9E09 /* UserTypeChoiceViewController.xib in Resources */ = {isa = PBXBuildFile; fileRef = 8293A33F1C3C189400DE9E09 /* UserTypeChoiceViewController.xib */; };
		8293A37A1C3C220200DE9E09 /* DaughterComplexionPickerViewController.m in Sources */ = {isa = PBXBuildFile; fileRef = 8293A3471C3C220200DE9E09 /* DaughterComplexionPickerViewController.m */; };
		8293A37B1C3C220200DE9E09 /* DaughterComplexionPickerViewController.xib in Resources */ = {isa = PBXBuildFile; fileRef = 8293A3481C3C220200DE9E09 /* DaughterComplexionPickerViewController.xib */; };
		8293A37C1C3C220200DE9E09 /* DaughterEyesPickerViewController.m in Sources */ = {isa = PBXBuildFile; fileRef = 8293A34A1C3C220200DE9E09 /* DaughterEyesPickerViewController.m */; };
		8293A37D1C3C220200DE9E09 /* DaughterEyesPickerViewController.xib in Resources */ = {isa = PBXBuildFile; fileRef = 8293A34B1C3C220200DE9E09 /* DaughterEyesPickerViewController.xib */; };
		8293A37E1C3C220200DE9E09 /* DaughterHairPickViewController.m in Sources */ = {isa = PBXBuildFile; fileRef = 8293A34D1C3C220200DE9E09 /* DaughterHairPickViewController.m */; };
		8293A37F1C3C220200DE9E09 /* DaughterHairPickViewController.xib in Resources */ = {isa = PBXBuildFile; fileRef = 8293A34E1C3C220200DE9E09 /* DaughterHairPickViewController.xib */; };
		8293A3801C3C220200DE9E09 /* iCarousel.m in Sources */ = {isa = PBXBuildFile; fileRef = 8293A3501C3C220200DE9E09 /* iCarousel.m */; };
		8293A3811C3C220200DE9E09 /* JumelerWelcomeViewController.m in Sources */ = {isa = PBXBuildFile; fileRef = 8293A3521C3C220200DE9E09 /* JumelerWelcomeViewController.m */; };
		8293A3821C3C220200DE9E09 /* JumelerWelcomeViewController.xib in Resources */ = {isa = PBXBuildFile; fileRef = 8293A3531C3C220200DE9E09 /* JumelerWelcomeViewController.xib */; };
		8293A3831C3C220200DE9E09 /* MomHomeViewController.m in Sources */ = {isa = PBXBuildFile; fileRef = 8293A3551C3C220200DE9E09 /* MomHomeViewController.m */; };
		8293A3841C3C220200DE9E09 /* MomHomeViewController.xib in Resources */ = {isa = PBXBuildFile; fileRef = 8293A3561C3C220200DE9E09 /* MomHomeViewController.xib */; };
		8293A3851C3C220200DE9E09 /* MomLoginViewController.m in Sources */ = {isa = PBXBuildFile; fileRef = 8293A3581C3C220200DE9E09 /* MomLoginViewController.m */; };
		8293A3861C3C220200DE9E09 /* MomPostSendInvitationViewController.m in Sources */ = {isa = PBXBuildFile; fileRef = 8293A35A1C3C220200DE9E09 /* MomPostSendInvitationViewController.m */; };
		8293A3871C3C220200DE9E09 /* MomPostSendInvitationViewController.xib in Resources */ = {isa = PBXBuildFile; fileRef = 8293A35B1C3C220200DE9E09 /* MomPostSendInvitationViewController.xib */; };
		8293A3881C3C220200DE9E09 /* MomRegistrationViewController.m in Sources */ = {isa = PBXBuildFile; fileRef = 8293A35D1C3C220200DE9E09 /* MomRegistrationViewController.m */; };
		8293A3891C3C220200DE9E09 /* MomRegistrationViewController.xib in Resources */ = {isa = PBXBuildFile; fileRef = 8293A35E1C3C220200DE9E09 /* MomRegistrationViewController.xib */; };
		8293A38A1C3C220200DE9E09 /* MomSelectionProductEndViewController.m in Sources */ = {isa = PBXBuildFile; fileRef = 8293A3601C3C220200DE9E09 /* MomSelectionProductEndViewController.m */; };
		8293A38B1C3C220200DE9E09 /* MomSelectionProductEndViewController.xib in Resources */ = {isa = PBXBuildFile; fileRef = 8293A3611C3C220200DE9E09 /* MomSelectionProductEndViewController.xib */; };
		8293A38C1C3C220200DE9E09 /* MomSelectionProductPreviewViewController.m in Sources */ = {isa = PBXBuildFile; fileRef = 8293A3631C3C220200DE9E09 /* MomSelectionProductPreviewViewController.m */; };
		8293A38D1C3C220200DE9E09 /* MomSelectionProductPreviewViewController.xib in Resources */ = {isa = PBXBuildFile; fileRef = 8293A3641C3C220200DE9E09 /* MomSelectionProductPreviewViewController.xib */; };
		8293A38E1C3C220200DE9E09 /* MomSelectionProductViewController.m in Sources */ = {isa = PBXBuildFile; fileRef = 8293A3661C3C220200DE9E09 /* MomSelectionProductViewController.m */; };
		8293A38F1C3C220200DE9E09 /* MomSelectionProductViewController.xib in Resources */ = {isa = PBXBuildFile; fileRef = 8293A3671C3C220200DE9E09 /* MomSelectionProductViewController.xib */; };
		8293A3901C3C220200DE9E09 /* MomSelectionProductWelcomeViewController.m in Sources */ = {isa = PBXBuildFile; fileRef = 8293A3691C3C220200DE9E09 /* MomSelectionProductWelcomeViewController.m */; };
		8293A3911C3C220200DE9E09 /* MomSelectionProductWelcomeViewController.xib in Resources */ = {isa = PBXBuildFile; fileRef = 8293A36A1C3C220200DE9E09 /* MomSelectionProductWelcomeViewController.xib */; };
		8293A3921C3C220200DE9E09 /* MomSelectionViewController.m in Sources */ = {isa = PBXBuildFile; fileRef = 8293A36C1C3C220200DE9E09 /* MomSelectionViewController.m */; };
		8293A3931C3C220200DE9E09 /* MomSelectionViewController.xib in Resources */ = {isa = PBXBuildFile; fileRef = 8293A36D1C3C220200DE9E09 /* MomSelectionViewController.xib */; };
		8293A3941C3C220200DE9E09 /* MomSendDaughterInvitationConfirmationViewController.m in Sources */ = {isa = PBXBuildFile; fileRef = 8293A36F1C3C220200DE9E09 /* MomSendDaughterInvitationConfirmationViewController.m */; };
		8293A3951C3C220200DE9E09 /* MomSendDaughterInvitationConfirmationViewController.xib in Resources */ = {isa = PBXBuildFile; fileRef = 8293A3701C3C220200DE9E09 /* MomSendDaughterInvitationConfirmationViewController.xib */; };
		8293A3961C3C220200DE9E09 /* MomSendDaughterInvitationViewController.m in Sources */ = {isa = PBXBuildFile; fileRef = 8293A3721C3C220200DE9E09 /* MomSendDaughterInvitationViewController.m */; };
		8293A3971C3C220200DE9E09 /* MomSendDaughterInvitationViewController.xib in Resources */ = {isa = PBXBuildFile; fileRef = 8293A3731C3C220200DE9E09 /* MomSendDaughterInvitationViewController.xib */; };
		8293A3981C3C220200DE9E09 /* WelcomeMomViewController.m in Sources */ = {isa = PBXBuildFile; fileRef = 8293A3751C3C220200DE9E09 /* WelcomeMomViewController.m */; };
		8293A3991C3C220200DE9E09 /* WelcomeMomViewController.xib in Resources */ = {isa = PBXBuildFile; fileRef = 8293A3761C3C220200DE9E09 /* WelcomeMomViewController.xib */; };
		8293A39A1C3C220200DE9E09 /* WelcomeProductSelectionViewController.m in Sources */ = {isa = PBXBuildFile; fileRef = 8293A3781C3C220200DE9E09 /* WelcomeProductSelectionViewController.m */; };
		8293A39B1C3C220200DE9E09 /* WelcomeProductSelectionViewController.xib in Resources */ = {isa = PBXBuildFile; fileRef = 8293A3791C3C220200DE9E09 /* WelcomeProductSelectionViewController.xib */; };
		8293A39F1C3C238E00DE9E09 /* MomAddDaughterViewController.m in Sources */ = {isa = PBXBuildFile; fileRef = 8293A39D1C3C238E00DE9E09 /* MomAddDaughterViewController.m */; };
		8293A3A01C3C238E00DE9E09 /* MomAddDaughterViewController.xib in Resources */ = {isa = PBXBuildFile; fileRef = 8293A39E1C3C238E00DE9E09 /* MomAddDaughterViewController.xib */; };
		829AF1191BF1ED5A0084F860 /* SIEye.m in Sources */ = {isa = PBXBuildFile; fileRef = 829AF1121BF1ED5A0084F860 /* SIEye.m */; };
		829AF11A1BF1ED5A0084F860 /* SILip.m in Sources */ = {isa = PBXBuildFile; fileRef = 829AF1141BF1ED5A0084F860 /* SILip.m */; };
		829AF11B1BF1ED5A0084F860 /* SINose.m in Sources */ = {isa = PBXBuildFile; fileRef = 829AF1161BF1ED5A0084F860 /* SINose.m */; };
		829AF1211BF393F40084F860 /* SILoginViewController.m in Sources */ = {isa = PBXBuildFile; fileRef = 829AF1201BF393F40084F860 /* SILoginViewController.m */; };
		82A1FAC01BF0E4B800351AE6 /* SIFaceItem.m in Sources */ = {isa = PBXBuildFile; fileRef = 82A1FABF1BF0E4B800351AE6 /* SIFaceItem.m */; };
		82DB5CA61C11A1E000DDC8B0 /* didot.ttf in Resources */ = {isa = PBXBuildFile; fileRef = 82DB5CA01C11A1E000DDC8B0 /* didot.ttf */; };
		82DB5CA71C11A1E000DDC8B0 /* Montserrat-Black.otf in Resources */ = {isa = PBXBuildFile; fileRef = 82DB5CA11C11A1E000DDC8B0 /* Montserrat-Black.otf */; };
		82DB5CA81C11A1E000DDC8B0 /* Montserrat-Bold.otf in Resources */ = {isa = PBXBuildFile; fileRef = 82DB5CA21C11A1E000DDC8B0 /* Montserrat-Bold.otf */; };
		82DB5CA91C11A1E000DDC8B0 /* Montserrat-Hairline.otf in Resources */ = {isa = PBXBuildFile; fileRef = 82DB5CA31C11A1E000DDC8B0 /* Montserrat-Hairline.otf */; };
		82DB5CAA1C11A1E000DDC8B0 /* Montserrat-Light.otf in Resources */ = {isa = PBXBuildFile; fileRef = 82DB5CA41C11A1E000DDC8B0 /* Montserrat-Light.otf */; };
		82DB5CAB1C11A1E000DDC8B0 /* Montserrat-Regular.otf in Resources */ = {isa = PBXBuildFile; fileRef = 82DB5CA51C11A1E000DDC8B0 /* Montserrat-Regular.otf */; };
		82E4890B1BF4ABA1002E3EC7 /* SIHomeViewController.m in Sources */ = {isa = PBXBuildFile; fileRef = 82E4890A1BF4ABA1002E3EC7 /* SIHomeViewController.m */; };
		82E4890E1BF4AEF5002E3EC7 /* SIFaceView.m in Sources */ = {isa = PBXBuildFile; fileRef = 82E4890D1BF4AEF5002E3EC7 /* SIFaceView.m */; };
		82E58A6B1BE8CBE50078E780 /* .gitignore in Resources */ = {isa = PBXBuildFile; fileRef = 82E58A6A1BE8CBE50078E780 /* .gitignore */; };
		82E58A6E1BE8FF250078E780 /* SIPreviewView.m in Sources */ = {isa = PBXBuildFile; fileRef = 82E58A6D1BE8FF250078E780 /* SIPreviewView.m */; };
		82F2B5361BE8C63F0020AA2C /* main.m in Sources */ = {isa = PBXBuildFile; fileRef = 82F2B5351BE8C63F0020AA2C /* main.m */; };
		82F2B5391BE8C63F0020AA2C /* AppDelegate.m in Sources */ = {isa = PBXBuildFile; fileRef = 82F2B5381BE8C63F0020AA2C /* AppDelegate.m */; };
		82F2B53F1BE8C63F0020AA2C /* Main.storyboard in Resources */ = {isa = PBXBuildFile; fileRef = 82F2B53D1BE8C63F0020AA2C /* Main.storyboard */; };
		82F2B5411BE8C63F0020AA2C /* Assets.xcassets in Resources */ = {isa = PBXBuildFile; fileRef = 82F2B5401BE8C63F0020AA2C /* Assets.xcassets */; };
		82F2B5441BE8C63F0020AA2C /* LaunchScreen.storyboard in Resources */ = {isa = PBXBuildFile; fileRef = 82F2B5421BE8C63F0020AA2C /* LaunchScreen.storyboard */; };
		82F2B54F1BE8C63F0020AA2C /* SisleyTests.m in Sources */ = {isa = PBXBuildFile; fileRef = 82F2B54E1BE8C63F0020AA2C /* SisleyTests.m */; };
		82F2B55A1BE8C63F0020AA2C /* SisleyUITests.m in Sources */ = {isa = PBXBuildFile; fileRef = 82F2B5591BE8C63F0020AA2C /* SisleyUITests.m */; };
		E7ACCB2B6F643F8166E12EB7 /* libPods.a in Frameworks */ = {isa = PBXBuildFile; fileRef = 50C3B70D0F7B5768F2CF4EA1 /* libPods.a */; };
/* End PBXBuildFile section */

/* Begin PBXContainerItemProxy section */
		82F2B54B1BE8C63F0020AA2C /* PBXContainerItemProxy */ = {
			isa = PBXContainerItemProxy;
			containerPortal = 82F2B5291BE8C63F0020AA2C /* Project object */;
			proxyType = 1;
			remoteGlobalIDString = 82F2B5301BE8C63F0020AA2C;
			remoteInfo = Sisley;
		};
		82F2B5561BE8C63F0020AA2C /* PBXContainerItemProxy */ = {
			isa = PBXContainerItemProxy;
			containerPortal = 82F2B5291BE8C63F0020AA2C /* Project object */;
			proxyType = 1;
			remoteGlobalIDString = 82F2B5301BE8C63F0020AA2C;
			remoteInfo = Sisley;
		};
/* End PBXContainerItemProxy section */

/* Begin PBXFileReference section */
		50C3B70D0F7B5768F2CF4EA1 /* libPods.a */ = {isa = PBXFileReference; explicitFileType = archive.ar; includeInIndex = 0; path = libPods.a; sourceTree = BUILT_PRODUCTS_DIR; };
		81FB3235D60C34EDA69C1008 /* Pods.release.xcconfig */ = {isa = PBXFileReference; includeInIndex = 1; lastKnownFileType = text.xcconfig; name = Pods.release.xcconfig; path = "Pods/Target Support Files/Pods/Pods.release.xcconfig"; sourceTree = "<group>"; };
		826485CD1BEA17C400A862A7 /* CameraViewController.h */ = {isa = PBXFileReference; fileEncoding = 4; lastKnownFileType = sourcecode.c.h; path = CameraViewController.h; sourceTree = "<group>"; };
		826485CE1BEA17C400A862A7 /* CameraViewController.m */ = {isa = PBXFileReference; fileEncoding = 4; lastKnownFileType = sourcecode.c.objc; path = CameraViewController.m; sourceTree = "<group>"; };
		826485D01BEA434F00A862A7 /* SIFaceViewController.h */ = {isa = PBXFileReference; fileEncoding = 4; lastKnownFileType = sourcecode.c.h; path = SIFaceViewController.h; sourceTree = "<group>"; };
		826485D11BEA434F00A862A7 /* SIFaceViewController.m */ = {isa = PBXFileReference; fileEncoding = 4; lastKnownFileType = sourcecode.c.objc; path = SIFaceViewController.m; sourceTree = "<group>"; };
		8293A3381C3C189400DE9E09 /* TutoMainViewController.h */ = {isa = PBXFileReference; fileEncoding = 4; lastKnownFileType = sourcecode.c.h; path = TutoMainViewController.h; sourceTree = "<group>"; };
		8293A3391C3C189400DE9E09 /* TutoMainViewController.m */ = {isa = PBXFileReference; fileEncoding = 4; lastKnownFileType = sourcecode.c.objc; path = TutoMainViewController.m; sourceTree = "<group>"; };
		8293A33A1C3C189400DE9E09 /* TutoViewController.h */ = {isa = PBXFileReference; fileEncoding = 4; lastKnownFileType = sourcecode.c.h; path = TutoViewController.h; sourceTree = "<group>"; };
		8293A33B1C3C189400DE9E09 /* TutoViewController.m */ = {isa = PBXFileReference; fileEncoding = 4; lastKnownFileType = sourcecode.c.objc; path = TutoViewController.m; sourceTree = "<group>"; };
		8293A33C1C3C189400DE9E09 /* TutoViewController.xib */ = {isa = PBXFileReference; fileEncoding = 4; lastKnownFileType = file.xib; path = TutoViewController.xib; sourceTree = "<group>"; };
		8293A33D1C3C189400DE9E09 /* UserTypeChoiceViewController.h */ = {isa = PBXFileReference; fileEncoding = 4; lastKnownFileType = sourcecode.c.h; path = UserTypeChoiceViewController.h; sourceTree = "<group>"; };
		8293A33E1C3C189400DE9E09 /* UserTypeChoiceViewController.m */ = {isa = PBXFileReference; fileEncoding = 4; lastKnownFileType = sourcecode.c.objc; path = UserTypeChoiceViewController.m; sourceTree = "<group>"; };
		8293A33F1C3C189400DE9E09 /* UserTypeChoiceViewController.xib */ = {isa = PBXFileReference; fileEncoding = 4; lastKnownFileType = file.xib; path = UserTypeChoiceViewController.xib; sourceTree = "<group>"; };
		8293A3461C3C220200DE9E09 /* DaughterComplexionPickerViewController.h */ = {isa = PBXFileReference; fileEncoding = 4; lastKnownFileType = sourcecode.c.h; path = DaughterComplexionPickerViewController.h; sourceTree = "<group>"; };
		8293A3471C3C220200DE9E09 /* DaughterComplexionPickerViewController.m */ = {isa = PBXFileReference; fileEncoding = 4; lastKnownFileType = sourcecode.c.objc; path = DaughterComplexionPickerViewController.m; sourceTree = "<group>"; };
		8293A3481C3C220200DE9E09 /* DaughterComplexionPickerViewController.xib */ = {isa = PBXFileReference; fileEncoding = 4; lastKnownFileType = file.xib; path = DaughterComplexionPickerViewController.xib; sourceTree = "<group>"; };
		8293A3491C3C220200DE9E09 /* DaughterEyesPickerViewController.h */ = {isa = PBXFileReference; fileEncoding = 4; lastKnownFileType = sourcecode.c.h; path = DaughterEyesPickerViewController.h; sourceTree = "<group>"; };
		8293A34A1C3C220200DE9E09 /* DaughterEyesPickerViewController.m */ = {isa = PBXFileReference; fileEncoding = 4; lastKnownFileType = sourcecode.c.objc; path = DaughterEyesPickerViewController.m; sourceTree = "<group>"; };
		8293A34B1C3C220200DE9E09 /* DaughterEyesPickerViewController.xib */ = {isa = PBXFileReference; fileEncoding = 4; lastKnownFileType = file.xib; path = DaughterEyesPickerViewController.xib; sourceTree = "<group>"; };
		8293A34C1C3C220200DE9E09 /* DaughterHairPickViewController.h */ = {isa = PBXFileReference; fileEncoding = 4; lastKnownFileType = sourcecode.c.h; path = DaughterHairPickViewController.h; sourceTree = "<group>"; };
		8293A34D1C3C220200DE9E09 /* DaughterHairPickViewController.m */ = {isa = PBXFileReference; fileEncoding = 4; lastKnownFileType = sourcecode.c.objc; path = DaughterHairPickViewController.m; sourceTree = "<group>"; };
		8293A34E1C3C220200DE9E09 /* DaughterHairPickViewController.xib */ = {isa = PBXFileReference; fileEncoding = 4; lastKnownFileType = file.xib; path = DaughterHairPickViewController.xib; sourceTree = "<group>"; };
		8293A34F1C3C220200DE9E09 /* iCarousel.h */ = {isa = PBXFileReference; fileEncoding = 4; lastKnownFileType = sourcecode.c.h; path = iCarousel.h; sourceTree = "<group>"; };
		8293A3501C3C220200DE9E09 /* iCarousel.m */ = {isa = PBXFileReference; fileEncoding = 4; lastKnownFileType = sourcecode.c.objc; path = iCarousel.m; sourceTree = "<group>"; };
		8293A3511C3C220200DE9E09 /* JumelerWelcomeViewController.h */ = {isa = PBXFileReference; fileEncoding = 4; lastKnownFileType = sourcecode.c.h; path = JumelerWelcomeViewController.h; sourceTree = "<group>"; };
		8293A3521C3C220200DE9E09 /* JumelerWelcomeViewController.m */ = {isa = PBXFileReference; fileEncoding = 4; lastKnownFileType = sourcecode.c.objc; path = JumelerWelcomeViewController.m; sourceTree = "<group>"; };
		8293A3531C3C220200DE9E09 /* JumelerWelcomeViewController.xib */ = {isa = PBXFileReference; fileEncoding = 4; lastKnownFileType = file.xib; path = JumelerWelcomeViewController.xib; sourceTree = "<group>"; };
		8293A3541C3C220200DE9E09 /* MomHomeViewController.h */ = {isa = PBXFileReference; fileEncoding = 4; lastKnownFileType = sourcecode.c.h; path = MomHomeViewController.h; sourceTree = "<group>"; };
		8293A3551C3C220200DE9E09 /* MomHomeViewController.m */ = {isa = PBXFileReference; fileEncoding = 4; lastKnownFileType = sourcecode.c.objc; path = MomHomeViewController.m; sourceTree = "<group>"; };
		8293A3561C3C220200DE9E09 /* MomHomeViewController.xib */ = {isa = PBXFileReference; fileEncoding = 4; lastKnownFileType = file.xib; path = MomHomeViewController.xib; sourceTree = "<group>"; };
		8293A3571C3C220200DE9E09 /* MomLoginViewController.h */ = {isa = PBXFileReference; fileEncoding = 4; lastKnownFileType = sourcecode.c.h; path = MomLoginViewController.h; sourceTree = "<group>"; };
		8293A3581C3C220200DE9E09 /* MomLoginViewController.m */ = {isa = PBXFileReference; fileEncoding = 4; lastKnownFileType = sourcecode.c.objc; path = MomLoginViewController.m; sourceTree = "<group>"; };
		8293A3591C3C220200DE9E09 /* MomPostSendInvitationViewController.h */ = {isa = PBXFileReference; fileEncoding = 4; lastKnownFileType = sourcecode.c.h; path = MomPostSendInvitationViewController.h; sourceTree = "<group>"; };
		8293A35A1C3C220200DE9E09 /* MomPostSendInvitationViewController.m */ = {isa = PBXFileReference; fileEncoding = 4; lastKnownFileType = sourcecode.c.objc; path = MomPostSendInvitationViewController.m; sourceTree = "<group>"; };
		8293A35B1C3C220200DE9E09 /* MomPostSendInvitationViewController.xib */ = {isa = PBXFileReference; fileEncoding = 4; lastKnownFileType = file.xib; path = MomPostSendInvitationViewController.xib; sourceTree = "<group>"; };
		8293A35C1C3C220200DE9E09 /* MomRegistrationViewController.h */ = {isa = PBXFileReference; fileEncoding = 4; lastKnownFileType = sourcecode.c.h; path = MomRegistrationViewController.h; sourceTree = "<group>"; };
		8293A35D1C3C220200DE9E09 /* MomRegistrationViewController.m */ = {isa = PBXFileReference; fileEncoding = 4; lastKnownFileType = sourcecode.c.objc; path = MomRegistrationViewController.m; sourceTree = "<group>"; };
		8293A35E1C3C220200DE9E09 /* MomRegistrationViewController.xib */ = {isa = PBXFileReference; fileEncoding = 4; lastKnownFileType = file.xib; path = MomRegistrationViewController.xib; sourceTree = "<group>"; };
		8293A35F1C3C220200DE9E09 /* MomSelectionProductEndViewController.h */ = {isa = PBXFileReference; fileEncoding = 4; lastKnownFileType = sourcecode.c.h; path = MomSelectionProductEndViewController.h; sourceTree = "<group>"; };
		8293A3601C3C220200DE9E09 /* MomSelectionProductEndViewController.m */ = {isa = PBXFileReference; fileEncoding = 4; lastKnownFileType = sourcecode.c.objc; path = MomSelectionProductEndViewController.m; sourceTree = "<group>"; };
		8293A3611C3C220200DE9E09 /* MomSelectionProductEndViewController.xib */ = {isa = PBXFileReference; fileEncoding = 4; lastKnownFileType = file.xib; path = MomSelectionProductEndViewController.xib; sourceTree = "<group>"; };
		8293A3621C3C220200DE9E09 /* MomSelectionProductPreviewViewController.h */ = {isa = PBXFileReference; fileEncoding = 4; lastKnownFileType = sourcecode.c.h; path = MomSelectionProductPreviewViewController.h; sourceTree = "<group>"; };
		8293A3631C3C220200DE9E09 /* MomSelectionProductPreviewViewController.m */ = {isa = PBXFileReference; fileEncoding = 4; lastKnownFileType = sourcecode.c.objc; path = MomSelectionProductPreviewViewController.m; sourceTree = "<group>"; };
		8293A3641C3C220200DE9E09 /* MomSelectionProductPreviewViewController.xib */ = {isa = PBXFileReference; fileEncoding = 4; lastKnownFileType = file.xib; path = MomSelectionProductPreviewViewController.xib; sourceTree = "<group>"; };
		8293A3651C3C220200DE9E09 /* MomSelectionProductViewController.h */ = {isa = PBXFileReference; fileEncoding = 4; lastKnownFileType = sourcecode.c.h; path = MomSelectionProductViewController.h; sourceTree = "<group>"; };
		8293A3661C3C220200DE9E09 /* MomSelectionProductViewController.m */ = {isa = PBXFileReference; fileEncoding = 4; lastKnownFileType = sourcecode.c.objc; path = MomSelectionProductViewController.m; sourceTree = "<group>"; };
		8293A3671C3C220200DE9E09 /* MomSelectionProductViewController.xib */ = {isa = PBXFileReference; fileEncoding = 4; lastKnownFileType = file.xib; path = MomSelectionProductViewController.xib; sourceTree = "<group>"; };
		8293A3681C3C220200DE9E09 /* MomSelectionProductWelcomeViewController.h */ = {isa = PBXFileReference; fileEncoding = 4; lastKnownFileType = sourcecode.c.h; path = MomSelectionProductWelcomeViewController.h; sourceTree = "<group>"; };
		8293A3691C3C220200DE9E09 /* MomSelectionProductWelcomeViewController.m */ = {isa = PBXFileReference; fileEncoding = 4; lastKnownFileType = sourcecode.c.objc; path = MomSelectionProductWelcomeViewController.m; sourceTree = "<group>"; };
		8293A36A1C3C220200DE9E09 /* MomSelectionProductWelcomeViewController.xib */ = {isa = PBXFileReference; fileEncoding = 4; lastKnownFileType = file.xib; path = MomSelectionProductWelcomeViewController.xib; sourceTree = "<group>"; };
		8293A36B1C3C220200DE9E09 /* MomSelectionViewController.h */ = {isa = PBXFileReference; fileEncoding = 4; lastKnownFileType = sourcecode.c.h; path = MomSelectionViewController.h; sourceTree = "<group>"; };
		8293A36C1C3C220200DE9E09 /* MomSelectionViewController.m */ = {isa = PBXFileReference; fileEncoding = 4; lastKnownFileType = sourcecode.c.objc; path = MomSelectionViewController.m; sourceTree = "<group>"; };
		8293A36D1C3C220200DE9E09 /* MomSelectionViewController.xib */ = {isa = PBXFileReference; fileEncoding = 4; lastKnownFileType = file.xib; path = MomSelectionViewController.xib; sourceTree = "<group>"; };
		8293A36E1C3C220200DE9E09 /* MomSendDaughterInvitationConfirmationViewController.h */ = {isa = PBXFileReference; fileEncoding = 4; lastKnownFileType = sourcecode.c.h; path = MomSendDaughterInvitationConfirmationViewController.h; sourceTree = "<group>"; };
		8293A36F1C3C220200DE9E09 /* MomSendDaughterInvitationConfirmationViewController.m */ = {isa = PBXFileReference; fileEncoding = 4; lastKnownFileType = sourcecode.c.objc; path = MomSendDaughterInvitationConfirmationViewController.m; sourceTree = "<group>"; };
		8293A3701C3C220200DE9E09 /* MomSendDaughterInvitationConfirmationViewController.xib */ = {isa = PBXFileReference; fileEncoding = 4; lastKnownFileType = file.xib; path = MomSendDaughterInvitationConfirmationViewController.xib; sourceTree = "<group>"; };
		8293A3711C3C220200DE9E09 /* MomSendDaughterInvitationViewController.h */ = {isa = PBXFileReference; fileEncoding = 4; lastKnownFileType = sourcecode.c.h; path = MomSendDaughterInvitationViewController.h; sourceTree = "<group>"; };
		8293A3721C3C220200DE9E09 /* MomSendDaughterInvitationViewController.m */ = {isa = PBXFileReference; fileEncoding = 4; lastKnownFileType = sourcecode.c.objc; path = MomSendDaughterInvitationViewController.m; sourceTree = "<group>"; };
		8293A3731C3C220200DE9E09 /* MomSendDaughterInvitationViewController.xib */ = {isa = PBXFileReference; fileEncoding = 4; lastKnownFileType = file.xib; path = MomSendDaughterInvitationViewController.xib; sourceTree = "<group>"; };
		8293A3741C3C220200DE9E09 /* WelcomeMomViewController.h */ = {isa = PBXFileReference; fileEncoding = 4; lastKnownFileType = sourcecode.c.h; path = WelcomeMomViewController.h; sourceTree = "<group>"; };
		8293A3751C3C220200DE9E09 /* WelcomeMomViewController.m */ = {isa = PBXFileReference; fileEncoding = 4; lastKnownFileType = sourcecode.c.objc; path = WelcomeMomViewController.m; sourceTree = "<group>"; };
		8293A3761C3C220200DE9E09 /* WelcomeMomViewController.xib */ = {isa = PBXFileReference; fileEncoding = 4; lastKnownFileType = file.xib; path = WelcomeMomViewController.xib; sourceTree = "<group>"; };
		8293A3771C3C220200DE9E09 /* WelcomeProductSelectionViewController.h */ = {isa = PBXFileReference; fileEncoding = 4; lastKnownFileType = sourcecode.c.h; path = WelcomeProductSelectionViewController.h; sourceTree = "<group>"; };
		8293A3781C3C220200DE9E09 /* WelcomeProductSelectionViewController.m */ = {isa = PBXFileReference; fileEncoding = 4; lastKnownFileType = sourcecode.c.objc; path = WelcomeProductSelectionViewController.m; sourceTree = "<group>"; };
		8293A3791C3C220200DE9E09 /* WelcomeProductSelectionViewController.xib */ = {isa = PBXFileReference; fileEncoding = 4; lastKnownFileType = file.xib; path = WelcomeProductSelectionViewController.xib; sourceTree = "<group>"; };
		8293A39C1C3C238E00DE9E09 /* MomAddDaughterViewController.h */ = {isa = PBXFileReference; fileEncoding = 4; lastKnownFileType = sourcecode.c.h; path = MomAddDaughterViewController.h; sourceTree = "<group>"; };
		8293A39D1C3C238E00DE9E09 /* MomAddDaughterViewController.m */ = {isa = PBXFileReference; fileEncoding = 4; lastKnownFileType = sourcecode.c.objc; path = MomAddDaughterViewController.m; sourceTree = "<group>"; };
		8293A39E1C3C238E00DE9E09 /* MomAddDaughterViewController.xib */ = {isa = PBXFileReference; fileEncoding = 4; lastKnownFileType = file.xib; path = MomAddDaughterViewController.xib; sourceTree = "<group>"; };
		829AF1111BF1ED5A0084F860 /* SIEye.h */ = {isa = PBXFileReference; fileEncoding = 4; lastKnownFileType = sourcecode.c.h; name = SIEye.h; path = models/face/SIEye.h; sourceTree = "<group>"; };
		829AF1121BF1ED5A0084F860 /* SIEye.m */ = {isa = PBXFileReference; fileEncoding = 4; lastKnownFileType = sourcecode.c.objc; name = SIEye.m; path = models/face/SIEye.m; sourceTree = "<group>"; };
		829AF1131BF1ED5A0084F860 /* SILip.h */ = {isa = PBXFileReference; fileEncoding = 4; lastKnownFileType = sourcecode.c.h; name = SILip.h; path = models/face/SILip.h; sourceTree = "<group>"; };
		829AF1141BF1ED5A0084F860 /* SILip.m */ = {isa = PBXFileReference; fileEncoding = 4; lastKnownFileType = sourcecode.c.objc; name = SILip.m; path = models/face/SILip.m; sourceTree = "<group>"; };
		829AF1151BF1ED5A0084F860 /* SINose.h */ = {isa = PBXFileReference; fileEncoding = 4; lastKnownFileType = sourcecode.c.h; name = SINose.h; path = models/face/SINose.h; sourceTree = "<group>"; };
		829AF1161BF1ED5A0084F860 /* SINose.m */ = {isa = PBXFileReference; fileEncoding = 4; lastKnownFileType = sourcecode.c.objc; name = SINose.m; path = models/face/SINose.m; sourceTree = "<group>"; };
		829AF11F1BF393F40084F860 /* SILoginViewController.h */ = {isa = PBXFileReference; fileEncoding = 4; lastKnownFileType = sourcecode.c.h; path = SILoginViewController.h; sourceTree = "<group>"; };
		829AF1201BF393F40084F860 /* SILoginViewController.m */ = {isa = PBXFileReference; fileEncoding = 4; lastKnownFileType = sourcecode.c.objc; path = SILoginViewController.m; sourceTree = "<group>"; };
		82A1FABE1BF0E4B800351AE6 /* SIFaceItem.h */ = {isa = PBXFileReference; fileEncoding = 4; lastKnownFileType = sourcecode.c.h; name = SIFaceItem.h; path = models/SIFaceItem.h; sourceTree = "<group>"; };
		82A1FABF1BF0E4B800351AE6 /* SIFaceItem.m */ = {isa = PBXFileReference; fileEncoding = 4; lastKnownFileType = sourcecode.c.objc; name = SIFaceItem.m; path = models/SIFaceItem.m; sourceTree = "<group>"; };
		82DB5CA01C11A1E000DDC8B0 /* didot.ttf */ = {isa = PBXFileReference; lastKnownFileType = file; name = didot.ttf; path = fonts/didot.ttf; sourceTree = "<group>"; };
		82DB5CA11C11A1E000DDC8B0 /* Montserrat-Black.otf */ = {isa = PBXFileReference; lastKnownFileType = file; name = "Montserrat-Black.otf"; path = "fonts/Montserrat-Black.otf"; sourceTree = "<group>"; };
		82DB5CA21C11A1E000DDC8B0 /* Montserrat-Bold.otf */ = {isa = PBXFileReference; lastKnownFileType = file; name = "Montserrat-Bold.otf"; path = "fonts/Montserrat-Bold.otf"; sourceTree = "<group>"; };
		82DB5CA31C11A1E000DDC8B0 /* Montserrat-Hairline.otf */ = {isa = PBXFileReference; lastKnownFileType = file; name = "Montserrat-Hairline.otf"; path = "fonts/Montserrat-Hairline.otf"; sourceTree = "<group>"; };
		82DB5CA41C11A1E000DDC8B0 /* Montserrat-Light.otf */ = {isa = PBXFileReference; lastKnownFileType = file; name = "Montserrat-Light.otf"; path = "fonts/Montserrat-Light.otf"; sourceTree = "<group>"; };
		82DB5CA51C11A1E000DDC8B0 /* Montserrat-Regular.otf */ = {isa = PBXFileReference; lastKnownFileType = file; name = "Montserrat-Regular.otf"; path = "fonts/Montserrat-Regular.otf"; sourceTree = "<group>"; };
		82E489091BF4ABA1002E3EC7 /* SIHomeViewController.h */ = {isa = PBXFileReference; fileEncoding = 4; lastKnownFileType = sourcecode.c.h; path = SIHomeViewController.h; sourceTree = "<group>"; };
		82E4890A1BF4ABA1002E3EC7 /* SIHomeViewController.m */ = {isa = PBXFileReference; fileEncoding = 4; lastKnownFileType = sourcecode.c.objc; path = SIHomeViewController.m; sourceTree = "<group>"; };
		82E4890C1BF4AEF5002E3EC7 /* SIFaceView.h */ = {isa = PBXFileReference; fileEncoding = 4; lastKnownFileType = sourcecode.c.h; path = SIFaceView.h; sourceTree = "<group>"; };
		82E4890D1BF4AEF5002E3EC7 /* SIFaceView.m */ = {isa = PBXFileReference; fileEncoding = 4; lastKnownFileType = sourcecode.c.objc; path = SIFaceView.m; sourceTree = "<group>"; };
		82E58A6A1BE8CBE50078E780 /* .gitignore */ = {isa = PBXFileReference; fileEncoding = 4; lastKnownFileType = text; path = .gitignore; sourceTree = SOURCE_ROOT; };
		82E58A6C1BE8FF250078E780 /* SIPreviewView.h */ = {isa = PBXFileReference; fileEncoding = 4; lastKnownFileType = sourcecode.c.h; path = SIPreviewView.h; sourceTree = "<group>"; };
		82E58A6D1BE8FF250078E780 /* SIPreviewView.m */ = {isa = PBXFileReference; fileEncoding = 4; lastKnownFileType = sourcecode.c.objc; path = SIPreviewView.m; sourceTree = "<group>"; };
		82F2B5311BE8C63F0020AA2C /* Sisley.app */ = {isa = PBXFileReference; explicitFileType = wrapper.application; includeInIndex = 0; path = Sisley.app; sourceTree = BUILT_PRODUCTS_DIR; };
		82F2B5351BE8C63F0020AA2C /* main.m */ = {isa = PBXFileReference; lastKnownFileType = sourcecode.c.objc; path = main.m; sourceTree = "<group>"; };
		82F2B5371BE8C63F0020AA2C /* AppDelegate.h */ = {isa = PBXFileReference; lastKnownFileType = sourcecode.c.h; path = AppDelegate.h; sourceTree = "<group>"; };
		82F2B5381BE8C63F0020AA2C /* AppDelegate.m */ = {isa = PBXFileReference; lastKnownFileType = sourcecode.c.objc; path = AppDelegate.m; sourceTree = "<group>"; };
		82F2B53E1BE8C63F0020AA2C /* Base */ = {isa = PBXFileReference; lastKnownFileType = file.storyboard; name = Base; path = Base.lproj/Main.storyboard; sourceTree = "<group>"; };
		82F2B5401BE8C63F0020AA2C /* Assets.xcassets */ = {isa = PBXFileReference; lastKnownFileType = folder.assetcatalog; path = Assets.xcassets; sourceTree = "<group>"; };
		82F2B5431BE8C63F0020AA2C /* Base */ = {isa = PBXFileReference; lastKnownFileType = file.storyboard; name = Base; path = Base.lproj/LaunchScreen.storyboard; sourceTree = "<group>"; };
		82F2B5451BE8C63F0020AA2C /* Info.plist */ = {isa = PBXFileReference; lastKnownFileType = text.plist.xml; path = Info.plist; sourceTree = "<group>"; };
		82F2B54A1BE8C63F0020AA2C /* SisleyTests.xctest */ = {isa = PBXFileReference; explicitFileType = wrapper.cfbundle; includeInIndex = 0; path = SisleyTests.xctest; sourceTree = BUILT_PRODUCTS_DIR; };
		82F2B54E1BE8C63F0020AA2C /* SisleyTests.m */ = {isa = PBXFileReference; lastKnownFileType = sourcecode.c.objc; path = SisleyTests.m; sourceTree = "<group>"; };
		82F2B5501BE8C63F0020AA2C /* Info.plist */ = {isa = PBXFileReference; lastKnownFileType = text.plist.xml; path = Info.plist; sourceTree = "<group>"; };
		82F2B5551BE8C63F0020AA2C /* SisleyUITests.xctest */ = {isa = PBXFileReference; explicitFileType = wrapper.cfbundle; includeInIndex = 0; path = SisleyUITests.xctest; sourceTree = BUILT_PRODUCTS_DIR; };
		82F2B5591BE8C63F0020AA2C /* SisleyUITests.m */ = {isa = PBXFileReference; lastKnownFileType = sourcecode.c.objc; path = SisleyUITests.m; sourceTree = "<group>"; };
		82F2B55B1BE8C63F0020AA2C /* Info.plist */ = {isa = PBXFileReference; lastKnownFileType = text.plist.xml; path = Info.plist; sourceTree = "<group>"; };
		C4585F5B8311C42163BA505F /* Pods.debug.xcconfig */ = {isa = PBXFileReference; includeInIndex = 1; lastKnownFileType = text.xcconfig; name = Pods.debug.xcconfig; path = "Pods/Target Support Files/Pods/Pods.debug.xcconfig"; sourceTree = "<group>"; };
/* End PBXFileReference section */

/* Begin PBXFrameworksBuildPhase section */
		82F2B52E1BE8C63F0020AA2C /* Frameworks */ = {
			isa = PBXFrameworksBuildPhase;
			buildActionMask = 2147483647;
			files = (
				E7ACCB2B6F643F8166E12EB7 /* libPods.a in Frameworks */,
			);
			runOnlyForDeploymentPostprocessing = 0;
		};
		82F2B5471BE8C63F0020AA2C /* Frameworks */ = {
			isa = PBXFrameworksBuildPhase;
			buildActionMask = 2147483647;
			files = (
			);
			runOnlyForDeploymentPostprocessing = 0;
		};
		82F2B5521BE8C63F0020AA2C /* Frameworks */ = {
			isa = PBXFrameworksBuildPhase;
			buildActionMask = 2147483647;
			files = (
			);
			runOnlyForDeploymentPostprocessing = 0;
		};
/* End PBXFrameworksBuildPhase section */

/* Begin PBXGroup section */
		5E0DB4FAEA73BC80F96C7405 /* Pods */ = {
			isa = PBXGroup;
			children = (
				C4585F5B8311C42163BA505F /* Pods.debug.xcconfig */,
				81FB3235D60C34EDA69C1008 /* Pods.release.xcconfig */,
			);
			name = Pods;
			sourceTree = "<group>";
		};
		6B17791A0FABE5F4470EBA84 /* Frameworks */ = {
			isa = PBXGroup;
			children = (
				50C3B70D0F7B5768F2CF4EA1 /* libPods.a */,
			);
			name = Frameworks;
			sourceTree = "<group>";
		};
		8293A3371C3C187000DE9E09 /* Intro */ = {
			isa = PBXGroup;
			children = (
				8293A3381C3C189400DE9E09 /* TutoMainViewController.h */,
				8293A3391C3C189400DE9E09 /* TutoMainViewController.m */,
				8293A33A1C3C189400DE9E09 /* TutoViewController.h */,
				8293A33B1C3C189400DE9E09 /* TutoViewController.m */,
				8293A33C1C3C189400DE9E09 /* TutoViewController.xib */,
				8293A33D1C3C189400DE9E09 /* UserTypeChoiceViewController.h */,
				8293A33E1C3C189400DE9E09 /* UserTypeChoiceViewController.m */,
				8293A33F1C3C189400DE9E09 /* UserTypeChoiceViewController.xib */,
			);
			name = Intro;
			sourceTree = "<group>";
		};
		8293A3451C3C217C00DE9E09 /* Mere */ = {
			isa = PBXGroup;
			children = (
				8293A3461C3C220200DE9E09 /* DaughterComplexionPickerViewController.h */,
				8293A3471C3C220200DE9E09 /* DaughterComplexionPickerViewController.m */,
				8293A3481C3C220200DE9E09 /* DaughterComplexionPickerViewController.xib */,
				8293A3491C3C220200DE9E09 /* DaughterEyesPickerViewController.h */,
				8293A34A1C3C220200DE9E09 /* DaughterEyesPickerViewController.m */,
				8293A34B1C3C220200DE9E09 /* DaughterEyesPickerViewController.xib */,
				8293A34C1C3C220200DE9E09 /* DaughterHairPickViewController.h */,
				8293A34D1C3C220200DE9E09 /* DaughterHairPickViewController.m */,
				8293A34E1C3C220200DE9E09 /* DaughterHairPickViewController.xib */,
				8293A34F1C3C220200DE9E09 /* iCarousel.h */,
				8293A3501C3C220200DE9E09 /* iCarousel.m */,
				8293A3511C3C220200DE9E09 /* JumelerWelcomeViewController.h */,
				8293A3521C3C220200DE9E09 /* JumelerWelcomeViewController.m */,
				8293A3531C3C220200DE9E09 /* JumelerWelcomeViewController.xib */,
				8293A39C1C3C238E00DE9E09 /* MomAddDaughterViewController.h */,
				8293A39D1C3C238E00DE9E09 /* MomAddDaughterViewController.m */,
				8293A39E1C3C238E00DE9E09 /* MomAddDaughterViewController.xib */,
				8293A3541C3C220200DE9E09 /* MomHomeViewController.h */,
				8293A3551C3C220200DE9E09 /* MomHomeViewController.m */,
				8293A3561C3C220200DE9E09 /* MomHomeViewController.xib */,
				8293A3571C3C220200DE9E09 /* MomLoginViewController.h */,
				8293A3581C3C220200DE9E09 /* MomLoginViewController.m */,
				8293A3591C3C220200DE9E09 /* MomPostSendInvitationViewController.h */,
				8293A35A1C3C220200DE9E09 /* MomPostSendInvitationViewController.m */,
				8293A35B1C3C220200DE9E09 /* MomPostSendInvitationViewController.xib */,
				8293A35C1C3C220200DE9E09 /* MomRegistrationViewController.h */,
				8293A35D1C3C220200DE9E09 /* MomRegistrationViewController.m */,
				8293A35E1C3C220200DE9E09 /* MomRegistrationViewController.xib */,
				8293A35F1C3C220200DE9E09 /* MomSelectionProductEndViewController.h */,
				8293A3601C3C220200DE9E09 /* MomSelectionProductEndViewController.m */,
				8293A3611C3C220200DE9E09 /* MomSelectionProductEndViewController.xib */,
				8293A3621C3C220200DE9E09 /* MomSelectionProductPreviewViewController.h */,
				8293A3631C3C220200DE9E09 /* MomSelectionProductPreviewViewController.m */,
				8293A3641C3C220200DE9E09 /* MomSelectionProductPreviewViewController.xib */,
				8293A3651C3C220200DE9E09 /* MomSelectionProductViewController.h */,
				8293A3661C3C220200DE9E09 /* MomSelectionProductViewController.m */,
				8293A3671C3C220200DE9E09 /* MomSelectionProductViewController.xib */,
				8293A3681C3C220200DE9E09 /* MomSelectionProductWelcomeViewController.h */,
				8293A3691C3C220200DE9E09 /* MomSelectionProductWelcomeViewController.m */,
				8293A36A1C3C220200DE9E09 /* MomSelectionProductWelcomeViewController.xib */,
				8293A36B1C3C220200DE9E09 /* MomSelectionViewController.h */,
				8293A36C1C3C220200DE9E09 /* MomSelectionViewController.m */,
				8293A36D1C3C220200DE9E09 /* MomSelectionViewController.xib */,
				8293A36E1C3C220200DE9E09 /* MomSendDaughterInvitationConfirmationViewController.h */,
				8293A36F1C3C220200DE9E09 /* MomSendDaughterInvitationConfirmationViewController.m */,
				8293A3701C3C220200DE9E09 /* MomSendDaughterInvitationConfirmationViewController.xib */,
				8293A3711C3C220200DE9E09 /* MomSendDaughterInvitationViewController.h */,
				8293A3721C3C220200DE9E09 /* MomSendDaughterInvitationViewController.m */,
				8293A3731C3C220200DE9E09 /* MomSendDaughterInvitationViewController.xib */,
				8293A3741C3C220200DE9E09 /* WelcomeMomViewController.h */,
				8293A3751C3C220200DE9E09 /* WelcomeMomViewController.m */,
				8293A3761C3C220200DE9E09 /* WelcomeMomViewController.xib */,
				8293A3771C3C220200DE9E09 /* WelcomeProductSelectionViewController.h */,
				8293A3781C3C220200DE9E09 /* WelcomeProductSelectionViewController.m */,
				8293A3791C3C220200DE9E09 /* WelcomeProductSelectionViewController.xib */,
			);
			name = Mere;
			sourceTree = "<group>";
		};
		829AF10C1BF1ED0E0084F860 /* face */ = {
			isa = PBXGroup;
			children = (
				829AF1111BF1ED5A0084F860 /* SIEye.h */,
				829AF1121BF1ED5A0084F860 /* SIEye.m */,
				829AF1131BF1ED5A0084F860 /* SILip.h */,
				829AF1141BF1ED5A0084F860 /* SILip.m */,
				829AF1151BF1ED5A0084F860 /* SINose.h */,
				829AF1161BF1ED5A0084F860 /* SINose.m */,
			);
			name = face;
			sourceTree = "<group>";
		};
		82A1FABD1BF0E47C00351AE6 /* models */ = {
			isa = PBXGroup;
			children = (
				829AF10C1BF1ED0E0084F860 /* face */,
				82A1FABE1BF0E4B800351AE6 /* SIFaceItem.h */,
				82A1FABF1BF0E4B800351AE6 /* SIFaceItem.m */,
			);
			name = models;
			sourceTree = "<group>";
		};
		82DB5C9F1C11A1D600DDC8B0 /* fonts */ = {
			isa = PBXGroup;
			children = (
				82DB5CA01C11A1E000DDC8B0 /* didot.ttf */,
				82DB5CA11C11A1E000DDC8B0 /* Montserrat-Black.otf */,
				82DB5CA21C11A1E000DDC8B0 /* Montserrat-Bold.otf */,
				82DB5CA31C11A1E000DDC8B0 /* Montserrat-Hairline.otf */,
				82DB5CA41C11A1E000DDC8B0 /* Montserrat-Light.otf */,
				82DB5CA51C11A1E000DDC8B0 /* Montserrat-Regular.otf */,
			);
			name = fonts;
			sourceTree = "<group>";
		};
		82F2B5281BE8C63F0020AA2C = {
			isa = PBXGroup;
			children = (
				82F2B5331BE8C63F0020AA2C /* Sisley */,
				82F2B54D1BE8C63F0020AA2C /* SisleyTests */,
				82F2B5581BE8C63F0020AA2C /* SisleyUITests */,
				82F2B5321BE8C63F0020AA2C /* Products */,
				5E0DB4FAEA73BC80F96C7405 /* Pods */,
				6B17791A0FABE5F4470EBA84 /* Frameworks */,
			);
			sourceTree = "<group>";
		};
		82F2B5321BE8C63F0020AA2C /* Products */ = {
			isa = PBXGroup;
			children = (
				82F2B5311BE8C63F0020AA2C /* Sisley.app */,
				82F2B54A1BE8C63F0020AA2C /* SisleyTests.xctest */,
				82F2B5551BE8C63F0020AA2C /* SisleyUITests.xctest */,
			);
			name = Products;
			sourceTree = "<group>";
		};
		82F2B5331BE8C63F0020AA2C /* Sisley */ = {
			isa = PBXGroup;
			children = (
				8293A3451C3C217C00DE9E09 /* Mere */,
				8293A3371C3C187000DE9E09 /* Intro */,
				82DB5C9F1C11A1D600DDC8B0 /* fonts */,
				82A1FABD1BF0E47C00351AE6 /* models */,
				82F2B5371BE8C63F0020AA2C /* AppDelegate.h */,
				82F2B5381BE8C63F0020AA2C /* AppDelegate.m */,
				826485CD1BEA17C400A862A7 /* CameraViewController.h */,
				826485CE1BEA17C400A862A7 /* CameraViewController.m */,
				826485D01BEA434F00A862A7 /* SIFaceViewController.h */,
				826485D11BEA434F00A862A7 /* SIFaceViewController.m */,
				82E4890C1BF4AEF5002E3EC7 /* SIFaceView.h */,
				82E4890D1BF4AEF5002E3EC7 /* SIFaceView.m */,
				82E58A6A1BE8CBE50078E780 /* .gitignore */,
				82F2B53D1BE8C63F0020AA2C /* Main.storyboard */,
				82E489091BF4ABA1002E3EC7 /* SIHomeViewController.h */,
				82E4890A1BF4ABA1002E3EC7 /* SIHomeViewController.m */,
				829AF11F1BF393F40084F860 /* SILoginViewController.h */,
				829AF1201BF393F40084F860 /* SILoginViewController.m */,
				82E58A6C1BE8FF250078E780 /* SIPreviewView.h */,
				82E58A6D1BE8FF250078E780 /* SIPreviewView.m */,
				82F2B5401BE8C63F0020AA2C /* Assets.xcassets */,
				82F2B5421BE8C63F0020AA2C /* LaunchScreen.storyboard */,
				82F2B5451BE8C63F0020AA2C /* Info.plist */,
				82F2B5341BE8C63F0020AA2C /* Supporting Files */,
			);
			path = Sisley;
			sourceTree = "<group>";
		};
		82F2B5341BE8C63F0020AA2C /* Supporting Files */ = {
			isa = PBXGroup;
			children = (
				82F2B5351BE8C63F0020AA2C /* main.m */,
			);
			name = "Supporting Files";
			sourceTree = "<group>";
		};
		82F2B54D1BE8C63F0020AA2C /* SisleyTests */ = {
			isa = PBXGroup;
			children = (
				82F2B54E1BE8C63F0020AA2C /* SisleyTests.m */,
				82F2B5501BE8C63F0020AA2C /* Info.plist */,
			);
			path = SisleyTests;
			sourceTree = "<group>";
		};
		82F2B5581BE8C63F0020AA2C /* SisleyUITests */ = {
			isa = PBXGroup;
			children = (
				82F2B5591BE8C63F0020AA2C /* SisleyUITests.m */,
				82F2B55B1BE8C63F0020AA2C /* Info.plist */,
			);
			path = SisleyUITests;
			sourceTree = "<group>";
		};
/* End PBXGroup section */

/* Begin PBXNativeTarget section */
		82F2B5301BE8C63F0020AA2C /* Sisley */ = {
			isa = PBXNativeTarget;
			buildConfigurationList = 82F2B55E1BE8C63F0020AA2C /* Build configuration list for PBXNativeTarget "Sisley" */;
			buildPhases = (
				15586A223800EA416E8EABB4 /* Check Pods Manifest.lock */,
				82F2B52D1BE8C63F0020AA2C /* Sources */,
				82F2B52E1BE8C63F0020AA2C /* Frameworks */,
				82F2B52F1BE8C63F0020AA2C /* Resources */,
				05C4C120A42F7640E39B0769 /* Embed Pods Frameworks */,
				0FF380CC5F8BF9281F59F0A5 /* Copy Pods Resources */,
			);
			buildRules = (
			);
			dependencies = (
			);
			name = Sisley;
			productName = Sisley;
			productReference = 82F2B5311BE8C63F0020AA2C /* Sisley.app */;
			productType = "com.apple.product-type.application";
		};
		82F2B5491BE8C63F0020AA2C /* SisleyTests */ = {
			isa = PBXNativeTarget;
			buildConfigurationList = 82F2B5611BE8C63F0020AA2C /* Build configuration list for PBXNativeTarget "SisleyTests" */;
			buildPhases = (
				82F2B5461BE8C63F0020AA2C /* Sources */,
				82F2B5471BE8C63F0020AA2C /* Frameworks */,
				82F2B5481BE8C63F0020AA2C /* Resources */,
			);
			buildRules = (
			);
			dependencies = (
				82F2B54C1BE8C63F0020AA2C /* PBXTargetDependency */,
			);
			name = SisleyTests;
			productName = SisleyTests;
			productReference = 82F2B54A1BE8C63F0020AA2C /* SisleyTests.xctest */;
			productType = "com.apple.product-type.bundle.unit-test";
		};
		82F2B5541BE8C63F0020AA2C /* SisleyUITests */ = {
			isa = PBXNativeTarget;
			buildConfigurationList = 82F2B5641BE8C63F0020AA2C /* Build configuration list for PBXNativeTarget "SisleyUITests" */;
			buildPhases = (
				82F2B5511BE8C63F0020AA2C /* Sources */,
				82F2B5521BE8C63F0020AA2C /* Frameworks */,
				82F2B5531BE8C63F0020AA2C /* Resources */,
			);
			buildRules = (
			);
			dependencies = (
				82F2B5571BE8C63F0020AA2C /* PBXTargetDependency */,
			);
			name = SisleyUITests;
			productName = SisleyUITests;
			productReference = 82F2B5551BE8C63F0020AA2C /* SisleyUITests.xctest */;
			productType = "com.apple.product-type.bundle.ui-testing";
		};
/* End PBXNativeTarget section */

/* Begin PBXProject section */
		82F2B5291BE8C63F0020AA2C /* Project object */ = {
			isa = PBXProject;
			attributes = {
				LastUpgradeCheck = 0710;
				ORGANIZATIONNAME = Ziiw;
				TargetAttributes = {
					82F2B5301BE8C63F0020AA2C = {
						CreatedOnToolsVersion = 7.1;
						DevelopmentTeam = VXURVZN7QN;
					};
					82F2B5491BE8C63F0020AA2C = {
						CreatedOnToolsVersion = 7.1;
						DevelopmentTeam = VXURVZN7QN;
						TestTargetID = 82F2B5301BE8C63F0020AA2C;
					};
					82F2B5541BE8C63F0020AA2C = {
						CreatedOnToolsVersion = 7.1;
						DevelopmentTeam = VXURVZN7QN;
						TestTargetID = 82F2B5301BE8C63F0020AA2C;
					};
				};
			};
			buildConfigurationList = 82F2B52C1BE8C63F0020AA2C /* Build configuration list for PBXProject "Sisley" */;
			compatibilityVersion = "Xcode 3.2";
			developmentRegion = English;
			hasScannedForEncodings = 0;
			knownRegions = (
				en,
				Base,
			);
			mainGroup = 82F2B5281BE8C63F0020AA2C;
			productRefGroup = 82F2B5321BE8C63F0020AA2C /* Products */;
			projectDirPath = "";
			projectRoot = "";
			targets = (
				82F2B5301BE8C63F0020AA2C /* Sisley */,
				82F2B5491BE8C63F0020AA2C /* SisleyTests */,
				82F2B5541BE8C63F0020AA2C /* SisleyUITests */,
			);
		};
/* End PBXProject section */

/* Begin PBXResourcesBuildPhase section */
		82F2B52F1BE8C63F0020AA2C /* Resources */ = {
			isa = PBXResourcesBuildPhase;
			buildActionMask = 2147483647;
			files = (
				8293A3821C3C220200DE9E09 /* JumelerWelcomeViewController.xib in Resources */,
				8293A3951C3C220200DE9E09 /* MomSendDaughterInvitationConfirmationViewController.xib in Resources */,
				82E58A6B1BE8CBE50078E780 /* .gitignore in Resources */,
				8293A3891C3C220200DE9E09 /* MomRegistrationViewController.xib in Resources */,
				8293A38D1C3C220200DE9E09 /* MomSelectionProductPreviewViewController.xib in Resources */,
				82DB5CA61C11A1E000DDC8B0 /* didot.ttf in Resources */,
				8293A3931C3C220200DE9E09 /* MomSelectionViewController.xib in Resources */,
				82DB5CA81C11A1E000DDC8B0 /* Montserrat-Bold.otf in Resources */,
				8293A3A01C3C238E00DE9E09 /* MomAddDaughterViewController.xib in Resources */,
				8293A39B1C3C220200DE9E09 /* WelcomeProductSelectionViewController.xib in Resources */,
				82DB5CAB1C11A1E000DDC8B0 /* Montserrat-Regular.otf in Resources */,
				8293A38F1C3C220200DE9E09 /* MomSelectionProductViewController.xib in Resources */,
				8293A37D1C3C220200DE9E09 /* DaughterEyesPickerViewController.xib in Resources */,
				8293A3911C3C220200DE9E09 /* MomSelectionProductWelcomeViewController.xib in Resources */,
				8293A3841C3C220200DE9E09 /* MomHomeViewController.xib in Resources */,
				8293A37F1C3C220200DE9E09 /* DaughterHairPickViewController.xib in Resources */,
				8293A3421C3C189400DE9E09 /* TutoViewController.xib in Resources */,
				8293A3871C3C220200DE9E09 /* MomPostSendInvitationViewController.xib in Resources */,
				82F2B5441BE8C63F0020AA2C /* LaunchScreen.storyboard in Resources */,
				82F2B5411BE8C63F0020AA2C /* Assets.xcassets in Resources */,
				82DB5CA71C11A1E000DDC8B0 /* Montserrat-Black.otf in Resources */,
				8293A37B1C3C220200DE9E09 /* DaughterComplexionPickerViewController.xib in Resources */,
				8293A3441C3C189400DE9E09 /* UserTypeChoiceViewController.xib in Resources */,
				82DB5CA91C11A1E000DDC8B0 /* Montserrat-Hairline.otf in Resources */,
				82F2B53F1BE8C63F0020AA2C /* Main.storyboard in Resources */,
				8293A3971C3C220200DE9E09 /* MomSendDaughterInvitationViewController.xib in Resources */,
				82DB5CAA1C11A1E000DDC8B0 /* Montserrat-Light.otf in Resources */,
				8293A3991C3C220200DE9E09 /* WelcomeMomViewController.xib in Resources */,
				8293A38B1C3C220200DE9E09 /* MomSelectionProductEndViewController.xib in Resources */,
			);
			runOnlyForDeploymentPostprocessing = 0;
		};
		82F2B5481BE8C63F0020AA2C /* Resources */ = {
			isa = PBXResourcesBuildPhase;
			buildActionMask = 2147483647;
			files = (
			);
			runOnlyForDeploymentPostprocessing = 0;
		};
		82F2B5531BE8C63F0020AA2C /* Resources */ = {
			isa = PBXResourcesBuildPhase;
			buildActionMask = 2147483647;
			files = (
			);
			runOnlyForDeploymentPostprocessing = 0;
		};
/* End PBXResourcesBuildPhase section */

/* Begin PBXShellScriptBuildPhase section */
		05C4C120A42F7640E39B0769 /* Embed Pods Frameworks */ = {
			isa = PBXShellScriptBuildPhase;
			buildActionMask = 2147483647;
			files = (
			);
			inputPaths = (
			);
			name = "Embed Pods Frameworks";
			outputPaths = (
			);
			runOnlyForDeploymentPostprocessing = 0;
			shellPath = /bin/sh;
			shellScript = "\"${SRCROOT}/Pods/Target Support Files/Pods/Pods-frameworks.sh\"\n";
			showEnvVarsInLog = 0;
		};
		0FF380CC5F8BF9281F59F0A5 /* Copy Pods Resources */ = {
			isa = PBXShellScriptBuildPhase;
			buildActionMask = 2147483647;
			files = (
			);
			inputPaths = (
			);
			name = "Copy Pods Resources";
			outputPaths = (
			);
			runOnlyForDeploymentPostprocessing = 0;
			shellPath = /bin/sh;
			shellScript = "\"${SRCROOT}/Pods/Target Support Files/Pods/Pods-resources.sh\"\n";
			showEnvVarsInLog = 0;
		};
		15586A223800EA416E8EABB4 /* Check Pods Manifest.lock */ = {
			isa = PBXShellScriptBuildPhase;
			buildActionMask = 2147483647;
			files = (
			);
			inputPaths = (
			);
			name = "Check Pods Manifest.lock";
			outputPaths = (
			);
			runOnlyForDeploymentPostprocessing = 0;
			shellPath = /bin/sh;
			shellScript = "diff \"${PODS_ROOT}/../Podfile.lock\" \"${PODS_ROOT}/Manifest.lock\" > /dev/null\nif [[ $? != 0 ]] ; then\n    cat << EOM\nerror: The sandbox is not in sync with the Podfile.lock. Run 'pod install' or update your CocoaPods installation.\nEOM\n    exit 1\nfi\n";
			showEnvVarsInLog = 0;
		};
/* End PBXShellScriptBuildPhase section */

/* Begin PBXSourcesBuildPhase section */
		82F2B52D1BE8C63F0020AA2C /* Sources */ = {
			isa = PBXSourcesBuildPhase;
			buildActionMask = 2147483647;
			files = (
				8293A39A1C3C220200DE9E09 /* WelcomeProductSelectionViewController.m in Sources */,
				8293A3831C3C220200DE9E09 /* MomHomeViewController.m in Sources */,
				8293A38E1C3C220200DE9E09 /* MomSelectionProductViewController.m in Sources */,
				8293A3921C3C220200DE9E09 /* MomSelectionViewController.m in Sources */,
				8293A3811C3C220200DE9E09 /* JumelerWelcomeViewController.m in Sources */,
				82A1FAC01BF0E4B800351AE6 /* SIFaceItem.m in Sources */,
				82E4890E1BF4AEF5002E3EC7 /* SIFaceView.m in Sources */,
				8293A37A1C3C220200DE9E09 /* DaughterComplexionPickerViewController.m in Sources */,
				8293A3881C3C220200DE9E09 /* MomRegistrationViewController.m in Sources */,
				829AF11B1BF1ED5A0084F860 /* SINose.m in Sources */,
				8293A3981C3C220200DE9E09 /* WelcomeMomViewController.m in Sources */,
				82E4890B1BF4ABA1002E3EC7 /* SIHomeViewController.m in Sources */,
				826485CF1BEA17C400A862A7 /* CameraViewController.m in Sources */,
				8293A3431C3C189400DE9E09 /* UserTypeChoiceViewController.m in Sources */,
				82F2B5391BE8C63F0020AA2C /* AppDelegate.m in Sources */,
				829AF1211BF393F40084F860 /* SILoginViewController.m in Sources */,
				8293A39F1C3C238E00DE9E09 /* MomAddDaughterViewController.m in Sources */,
				8293A3961C3C220200DE9E09 /* MomSendDaughterInvitationViewController.m in Sources */,
				8293A3401C3C189400DE9E09 /* TutoMainViewController.m in Sources */,
				8293A3411C3C189400DE9E09 /* TutoViewController.m in Sources */,
				8293A3801C3C220200DE9E09 /* iCarousel.m in Sources */,
				8293A3901C3C220200DE9E09 /* MomSelectionProductWelcomeViewController.m in Sources */,
				8293A3941C3C220200DE9E09 /* MomSendDaughterInvitationConfirmationViewController.m in Sources */,
				8293A3851C3C220200DE9E09 /* MomLoginViewController.m in Sources */,
				82F2B5361BE8C63F0020AA2C /* main.m in Sources */,
				8293A37E1C3C220200DE9E09 /* DaughterHairPickViewController.m in Sources */,
				8293A38C1C3C220200DE9E09 /* MomSelectionProductPreviewViewController.m in Sources */,
				826485D21BEA434F00A862A7 /* SIFaceViewController.m in Sources */,
				8293A38A1C3C220200DE9E09 /* MomSelectionProductEndViewController.m in Sources */,
				8293A37C1C3C220200DE9E09 /* DaughterEyesPickerViewController.m in Sources */,
				8293A3861C3C220200DE9E09 /* MomPostSendInvitationViewController.m in Sources */,
				829AF11A1BF1ED5A0084F860 /* SILip.m in Sources */,
				82E58A6E1BE8FF250078E780 /* SIPreviewView.m in Sources */,
				829AF1191BF1ED5A0084F860 /* SIEye.m in Sources */,
			);
			runOnlyForDeploymentPostprocessing = 0;
		};
		82F2B5461BE8C63F0020AA2C /* Sources */ = {
			isa = PBXSourcesBuildPhase;
			buildActionMask = 2147483647;
			files = (
				82F2B54F1BE8C63F0020AA2C /* SisleyTests.m in Sources */,
			);
			runOnlyForDeploymentPostprocessing = 0;
		};
		82F2B5511BE8C63F0020AA2C /* Sources */ = {
			isa = PBXSourcesBuildPhase;
			buildActionMask = 2147483647;
			files = (
				82F2B55A1BE8C63F0020AA2C /* SisleyUITests.m in Sources */,
			);
			runOnlyForDeploymentPostprocessing = 0;
		};
/* End PBXSourcesBuildPhase section */

/* Begin PBXTargetDependency section */
		82F2B54C1BE8C63F0020AA2C /* PBXTargetDependency */ = {
			isa = PBXTargetDependency;
			target = 82F2B5301BE8C63F0020AA2C /* Sisley */;
			targetProxy = 82F2B54B1BE8C63F0020AA2C /* PBXContainerItemProxy */;
		};
		82F2B5571BE8C63F0020AA2C /* PBXTargetDependency */ = {
			isa = PBXTargetDependency;
			target = 82F2B5301BE8C63F0020AA2C /* Sisley */;
			targetProxy = 82F2B5561BE8C63F0020AA2C /* PBXContainerItemProxy */;
		};
/* End PBXTargetDependency section */

/* Begin PBXVariantGroup section */
		82F2B53D1BE8C63F0020AA2C /* Main.storyboard */ = {
			isa = PBXVariantGroup;
			children = (
				82F2B53E1BE8C63F0020AA2C /* Base */,
			);
			name = Main.storyboard;
			sourceTree = "<group>";
		};
		82F2B5421BE8C63F0020AA2C /* LaunchScreen.storyboard */ = {
			isa = PBXVariantGroup;
			children = (
				82F2B5431BE8C63F0020AA2C /* Base */,
			);
			name = LaunchScreen.storyboard;
			sourceTree = "<group>";
		};
/* End PBXVariantGroup section */

/* Begin XCBuildConfiguration section */
		82F2B55C1BE8C63F0020AA2C /* Debug */ = {
			isa = XCBuildConfiguration;
			buildSettings = {
				ALWAYS_SEARCH_USER_PATHS = NO;
				CLANG_CXX_LANGUAGE_STANDARD = "gnu++0x";
				CLANG_CXX_LIBRARY = "libc++";
				CLANG_ENABLE_MODULES = YES;
				CLANG_ENABLE_OBJC_ARC = YES;
				CLANG_WARN_BOOL_CONVERSION = YES;
				CLANG_WARN_CONSTANT_CONVERSION = YES;
				CLANG_WARN_DIRECT_OBJC_ISA_USAGE = YES_ERROR;
				CLANG_WARN_EMPTY_BODY = YES;
				CLANG_WARN_ENUM_CONVERSION = YES;
				CLANG_WARN_INT_CONVERSION = YES;
				CLANG_WARN_OBJC_ROOT_CLASS = YES_ERROR;
				CLANG_WARN_UNREACHABLE_CODE = YES;
				CLANG_WARN__DUPLICATE_METHOD_MATCH = YES;
				"CODE_SIGN_IDENTITY[sdk=iphoneos*]" = "iPhone Developer";
				COPY_PHASE_STRIP = NO;
				DEBUG_INFORMATION_FORMAT = dwarf;
				ENABLE_STRICT_OBJC_MSGSEND = YES;
				ENABLE_TESTABILITY = YES;
				GCC_C_LANGUAGE_STANDARD = gnu99;
				GCC_DYNAMIC_NO_PIC = NO;
				GCC_NO_COMMON_BLOCKS = YES;
				GCC_OPTIMIZATION_LEVEL = 0;
				GCC_PREPROCESSOR_DEFINITIONS = (
					"DEBUG=1",
					"$(inherited)",
				);
				GCC_WARN_64_TO_32_BIT_CONVERSION = YES;
				GCC_WARN_ABOUT_RETURN_TYPE = YES_ERROR;
				GCC_WARN_UNDECLARED_SELECTOR = YES;
				GCC_WARN_UNINITIALIZED_AUTOS = YES_AGGRESSIVE;
				GCC_WARN_UNUSED_FUNCTION = YES;
				GCC_WARN_UNUSED_VARIABLE = YES;
				IPHONEOS_DEPLOYMENT_TARGET = 9.1;
				MTL_ENABLE_DEBUG_INFO = YES;
				ONLY_ACTIVE_ARCH = YES;
				SDKROOT = iphoneos;
			};
			name = Debug;
		};
		82F2B55D1BE8C63F0020AA2C /* Release */ = {
			isa = XCBuildConfiguration;
			buildSettings = {
				ALWAYS_SEARCH_USER_PATHS = NO;
				CLANG_CXX_LANGUAGE_STANDARD = "gnu++0x";
				CLANG_CXX_LIBRARY = "libc++";
				CLANG_ENABLE_MODULES = YES;
				CLANG_ENABLE_OBJC_ARC = YES;
				CLANG_WARN_BOOL_CONVERSION = YES;
				CLANG_WARN_CONSTANT_CONVERSION = YES;
				CLANG_WARN_DIRECT_OBJC_ISA_USAGE = YES_ERROR;
				CLANG_WARN_EMPTY_BODY = YES;
				CLANG_WARN_ENUM_CONVERSION = YES;
				CLANG_WARN_INT_CONVERSION = YES;
				CLANG_WARN_OBJC_ROOT_CLASS = YES_ERROR;
				CLANG_WARN_UNREACHABLE_CODE = YES;
				CLANG_WARN__DUPLICATE_METHOD_MATCH = YES;
				"CODE_SIGN_IDENTITY[sdk=iphoneos*]" = "iPhone Developer";
				COPY_PHASE_STRIP = NO;
				DEBUG_INFORMATION_FORMAT = "dwarf-with-dsym";
				ENABLE_NS_ASSERTIONS = NO;
				ENABLE_STRICT_OBJC_MSGSEND = YES;
				GCC_C_LANGUAGE_STANDARD = gnu99;
				GCC_NO_COMMON_BLOCKS = YES;
				GCC_WARN_64_TO_32_BIT_CONVERSION = YES;
				GCC_WARN_ABOUT_RETURN_TYPE = YES_ERROR;
				GCC_WARN_UNDECLARED_SELECTOR = YES;
				GCC_WARN_UNINITIALIZED_AUTOS = YES_AGGRESSIVE;
				GCC_WARN_UNUSED_FUNCTION = YES;
				GCC_WARN_UNUSED_VARIABLE = YES;
				IPHONEOS_DEPLOYMENT_TARGET = 9.1;
				MTL_ENABLE_DEBUG_INFO = NO;
				SDKROOT = iphoneos;
				VALIDATE_PRODUCT = YES;
			};
			name = Release;
		};
		82F2B55F1BE8C63F0020AA2C /* Debug */ = {
			isa = XCBuildConfiguration;
			baseConfigurationReference = C4585F5B8311C42163BA505F /* Pods.debug.xcconfig */;
			buildSettings = {
				ASSETCATALOG_COMPILER_APPICON_NAME = "AppIcon-1";
				INFOPLIST_FILE = Sisley/Info.plist;
				LD_RUNPATH_SEARCH_PATHS = "$(inherited) @executable_path/Frameworks";
				PRODUCT_BUNDLE_IDENTIFIER = ziiw.Sisley;
				PRODUCT_NAME = "$(TARGET_NAME)";
			};
			name = Debug;
		};
		82F2B5601BE8C63F0020AA2C /* Release */ = {
			isa = XCBuildConfiguration;
			baseConfigurationReference = 81FB3235D60C34EDA69C1008 /* Pods.release.xcconfig */;
			buildSettings = {
				ASSETCATALOG_COMPILER_APPICON_NAME = "AppIcon-1";
				INFOPLIST_FILE = Sisley/Info.plist;
				LD_RUNPATH_SEARCH_PATHS = "$(inherited) @executable_path/Frameworks";
				PRODUCT_BUNDLE_IDENTIFIER = ziiw.Sisley;
				PRODUCT_NAME = "$(TARGET_NAME)";
			};
			name = Release;
		};
		82F2B5621BE8C63F0020AA2C /* Debug */ = {
			isa = XCBuildConfiguration;
			buildSettings = {
				BUNDLE_LOADER = "$(TEST_HOST)";
				INFOPLIST_FILE = SisleyTests/Info.plist;
				LD_RUNPATH_SEARCH_PATHS = "$(inherited) @executable_path/Frameworks @loader_path/Frameworks";
				PRODUCT_BUNDLE_IDENTIFIER = ziiw.SisleyTests;
				PRODUCT_NAME = "$(TARGET_NAME)";
				TEST_HOST = "$(BUILT_PRODUCTS_DIR)/Sisley.app/Sisley";
			};
			name = Debug;
		};
		82F2B5631BE8C63F0020AA2C /* Release */ = {
			isa = XCBuildConfiguration;
			buildSettings = {
				BUNDLE_LOADER = "$(TEST_HOST)";
				INFOPLIST_FILE = SisleyTests/Info.plist;
				LD_RUNPATH_SEARCH_PATHS = "$(inherited) @executable_path/Frameworks @loader_path/Frameworks";
				PRODUCT_BUNDLE_IDENTIFIER = ziiw.SisleyTests;
				PRODUCT_NAME = "$(TARGET_NAME)";
				TEST_HOST = "$(BUILT_PRODUCTS_DIR)/Sisley.app/Sisley";
			};
			name = Release;
		};
		82F2B5651BE8C63F0020AA2C /* Debug */ = {
			isa = XCBuildConfiguration;
			buildSettings = {
				INFOPLIST_FILE = SisleyUITests/Info.plist;
				LD_RUNPATH_SEARCH_PATHS = "$(inherited) @executable_path/Frameworks @loader_path/Frameworks";
				PRODUCT_BUNDLE_IDENTIFIER = ziiw.SisleyUITests;
				PRODUCT_NAME = "$(TARGET_NAME)";
				TEST_TARGET_NAME = Sisley;
				USES_XCTRUNNER = YES;
			};
			name = Debug;
		};
		82F2B5661BE8C63F0020AA2C /* Release */ = {
			isa = XCBuildConfiguration;
			buildSettings = {
				INFOPLIST_FILE = SisleyUITests/Info.plist;
				LD_RUNPATH_SEARCH_PATHS = "$(inherited) @executable_path/Frameworks @loader_path/Frameworks";
				PRODUCT_BUNDLE_IDENTIFIER = ziiw.SisleyUITests;
				PRODUCT_NAME = "$(TARGET_NAME)";
				TEST_TARGET_NAME = Sisley;
				USES_XCTRUNNER = YES;
			};
			name = Release;
		};
/* End XCBuildConfiguration section */

/* Begin XCConfigurationList section */
		82F2B52C1BE8C63F0020AA2C /* Build configuration list for PBXProject "Sisley" */ = {
			isa = XCConfigurationList;
			buildConfigurations = (
				82F2B55C1BE8C63F0020AA2C /* Debug */,
				82F2B55D1BE8C63F0020AA2C /* Release */,
			);
			defaultConfigurationIsVisible = 0;
			defaultConfigurationName = Release;
		};
		82F2B55E1BE8C63F0020AA2C /* Build configuration list for PBXNativeTarget "Sisley" */ = {
			isa = XCConfigurationList;
			buildConfigurations = (
				82F2B55F1BE8C63F0020AA2C /* Debug */,
				82F2B5601BE8C63F0020AA2C /* Release */,
			);
			defaultConfigurationIsVisible = 0;
			defaultConfigurationName = Release;
		};
		82F2B5611BE8C63F0020AA2C /* Build configuration list for PBXNativeTarget "SisleyTests" */ = {
			isa = XCConfigurationList;
			buildConfigurations = (
				82F2B5621BE8C63F0020AA2C /* Debug */,
				82F2B5631BE8C63F0020AA2C /* Release */,
			);
			defaultConfigurationIsVisible = 0;
			defaultConfigurationName = Release;
		};
		82F2B5641BE8C63F0020AA2C /* Build configuration list for PBXNativeTarget "SisleyUITests" */ = {
			isa = XCConfigurationList;
			buildConfigurations = (
				82F2B5651BE8C63F0020AA2C /* Debug */,
				82F2B5661BE8C63F0020AA2C /* Release */,
			);
			defaultConfigurationIsVisible = 0;
			defaultConfigurationName = Release;
		};
/* End XCConfigurationList section */
	};
	rootObject = 82F2B5291BE8C63F0020AA2C /* Project object */;
}
