// !$*UTF8*$!
{
	archiveVersion = 1;
	classes = {
	};
	objectVersion = 46;
	objects = {

/* Begin PBXBuildFile section */
		8246372F1C3C54C100BBF985 /* bg-intro.mp4 in Resources */ = {isa = PBXBuildFile; fileRef = 8246372E1C3C54C100BBF985 /* bg-intro.mp4 */; };
		826485CF1BEA17C400A862A7 /* CameraViewController.m in Sources */ = {isa = PBXBuildFile; fileRef = 826485CE1BEA17C400A862A7 /* CameraViewController.m */; };
		826485D21BEA434F00A862A7 /* SIFaceViewController.m in Sources */ = {isa = PBXBuildFile; fileRef = 826485D11BEA434F00A862A7 /* SIFaceViewController.m */; };
		8282BACF1C3D57AF009CAFE8 /* BumpViewController.m in Sources */ = {isa = PBXBuildFile; fileRef = 8282BACE1C3D57AF009CAFE8 /* BumpViewController.m */; };
		828FCC571C3D6494008E34B3 /* MCManager.m in Sources */ = {isa = PBXBuildFile; fileRef = 828FCC561C3D6494008E34B3 /* MCManager.m */; };
		8293A3A91C3C355B00DE9E09 /* TutoMainViewController.m in Sources */ = {isa = PBXBuildFile; fileRef = 8293A3A21C3C355B00DE9E09 /* TutoMainViewController.m */; };
		8293A3AA1C3C355B00DE9E09 /* TutoViewController.m in Sources */ = {isa = PBXBuildFile; fileRef = 8293A3A41C3C355B00DE9E09 /* TutoViewController.m */; };
		8293A3AB1C3C355B00DE9E09 /* TutoViewController.xib in Resources */ = {isa = PBXBuildFile; fileRef = 8293A3A51C3C355B00DE9E09 /* TutoViewController.xib */; };
		8293A3AC1C3C355B00DE9E09 /* UserTypeChoiceViewController.m in Sources */ = {isa = PBXBuildFile; fileRef = 8293A3A71C3C355B00DE9E09 /* UserTypeChoiceViewController.m */; };
		8293A3AD1C3C355B00DE9E09 /* UserTypeChoiceViewController.xib in Resources */ = {isa = PBXBuildFile; fileRef = 8293A3A81C3C355B00DE9E09 /* UserTypeChoiceViewController.xib */; };
		8293A3E51C3C358000DE9E09 /* DaughterComplexionPickerViewController.m in Sources */ = {isa = PBXBuildFile; fileRef = 8293A3AF1C3C358000DE9E09 /* DaughterComplexionPickerViewController.m */; };
		8293A3E61C3C358000DE9E09 /* DaughterComplexionPickerViewController.xib in Resources */ = {isa = PBXBuildFile; fileRef = 8293A3B01C3C358000DE9E09 /* DaughterComplexionPickerViewController.xib */; };
		8293A3E71C3C358000DE9E09 /* DaughterEyesPickerViewController.m in Sources */ = {isa = PBXBuildFile; fileRef = 8293A3B21C3C358000DE9E09 /* DaughterEyesPickerViewController.m */; };
		8293A3E81C3C358000DE9E09 /* DaughterEyesPickerViewController.xib in Resources */ = {isa = PBXBuildFile; fileRef = 8293A3B31C3C358000DE9E09 /* DaughterEyesPickerViewController.xib */; };
		8293A3E91C3C358000DE9E09 /* DaughterHairPickViewController.m in Sources */ = {isa = PBXBuildFile; fileRef = 8293A3B51C3C358000DE9E09 /* DaughterHairPickViewController.m */; };
		8293A3EA1C3C358000DE9E09 /* DaughterHairPickViewController.xib in Resources */ = {isa = PBXBuildFile; fileRef = 8293A3B61C3C358000DE9E09 /* DaughterHairPickViewController.xib */; };
		8293A3EB1C3C358000DE9E09 /* iCarousel.m in Sources */ = {isa = PBXBuildFile; fileRef = 8293A3B81C3C358000DE9E09 /* iCarousel.m */; };
		8293A3EC1C3C358000DE9E09 /* JumelerWelcomeViewController.m in Sources */ = {isa = PBXBuildFile; fileRef = 8293A3BA1C3C358000DE9E09 /* JumelerWelcomeViewController.m */; };
		8293A3ED1C3C358000DE9E09 /* JumelerWelcomeViewController.xib in Resources */ = {isa = PBXBuildFile; fileRef = 8293A3BB1C3C358000DE9E09 /* JumelerWelcomeViewController.xib */; };
		8293A3EE1C3C358000DE9E09 /* MomAddDaughterViewController.m in Sources */ = {isa = PBXBuildFile; fileRef = 8293A3BD1C3C358000DE9E09 /* MomAddDaughterViewController.m */; };
		8293A3EF1C3C358000DE9E09 /* MomAddDaughterViewController.xib in Resources */ = {isa = PBXBuildFile; fileRef = 8293A3BE1C3C358000DE9E09 /* MomAddDaughterViewController.xib */; };
		8293A3F01C3C358000DE9E09 /* MomHomeViewController.m in Sources */ = {isa = PBXBuildFile; fileRef = 8293A3C01C3C358000DE9E09 /* MomHomeViewController.m */; };
		8293A3F11C3C358000DE9E09 /* MomHomeViewController.xib in Resources */ = {isa = PBXBuildFile; fileRef = 8293A3C11C3C358000DE9E09 /* MomHomeViewController.xib */; };
		8293A3F21C3C358000DE9E09 /* MomLoginViewController.m in Sources */ = {isa = PBXBuildFile; fileRef = 8293A3C31C3C358000DE9E09 /* MomLoginViewController.m */; };
		8293A3F31C3C358000DE9E09 /* MomPostSendInvitationViewController.m in Sources */ = {isa = PBXBuildFile; fileRef = 8293A3C51C3C358000DE9E09 /* MomPostSendInvitationViewController.m */; };
		8293A3F41C3C358000DE9E09 /* MomPostSendInvitationViewController.xib in Resources */ = {isa = PBXBuildFile; fileRef = 8293A3C61C3C358000DE9E09 /* MomPostSendInvitationViewController.xib */; };
		8293A3F51C3C358000DE9E09 /* MomRegistrationViewController.m in Sources */ = {isa = PBXBuildFile; fileRef = 8293A3C81C3C358000DE9E09 /* MomRegistrationViewController.m */; };
		8293A3F61C3C358000DE9E09 /* MomRegistrationViewController.xib in Resources */ = {isa = PBXBuildFile; fileRef = 8293A3C91C3C358000DE9E09 /* MomRegistrationViewController.xib */; };
		8293A3F71C3C358000DE9E09 /* MomSelectionProductEndViewController.m in Sources */ = {isa = PBXBuildFile; fileRef = 8293A3CB1C3C358000DE9E09 /* MomSelectionProductEndViewController.m */; };
		8293A3F81C3C358000DE9E09 /* MomSelectionProductEndViewController.xib in Resources */ = {isa = PBXBuildFile; fileRef = 8293A3CC1C3C358000DE9E09 /* MomSelectionProductEndViewController.xib */; };
		8293A3F91C3C358000DE9E09 /* MomSelectionProductPreviewViewController.m in Sources */ = {isa = PBXBuildFile; fileRef = 8293A3CE1C3C358000DE9E09 /* MomSelectionProductPreviewViewController.m */; };
		8293A3FA1C3C358000DE9E09 /* MomSelectionProductPreviewViewController.xib in Resources */ = {isa = PBXBuildFile; fileRef = 8293A3CF1C3C358000DE9E09 /* MomSelectionProductPreviewViewController.xib */; };
		8293A3FB1C3C358000DE9E09 /* MomSelectionProductViewController.m in Sources */ = {isa = PBXBuildFile; fileRef = 8293A3D11C3C358000DE9E09 /* MomSelectionProductViewController.m */; };
		8293A3FC1C3C358000DE9E09 /* MomSelectionProductViewController.xib in Resources */ = {isa = PBXBuildFile; fileRef = 8293A3D21C3C358000DE9E09 /* MomSelectionProductViewController.xib */; };
		8293A3FD1C3C358000DE9E09 /* MomSelectionProductWelcomeViewController.m in Sources */ = {isa = PBXBuildFile; fileRef = 8293A3D41C3C358000DE9E09 /* MomSelectionProductWelcomeViewController.m */; };
		8293A3FE1C3C358000DE9E09 /* MomSelectionProductWelcomeViewController.xib in Resources */ = {isa = PBXBuildFile; fileRef = 8293A3D51C3C358000DE9E09 /* MomSelectionProductWelcomeViewController.xib */; };
		8293A3FF1C3C358000DE9E09 /* MomSelectionViewController.m in Sources */ = {isa = PBXBuildFile; fileRef = 8293A3D71C3C358000DE9E09 /* MomSelectionViewController.m */; };
		8293A4001C3C358000DE9E09 /* MomSelectionViewController.xib in Resources */ = {isa = PBXBuildFile; fileRef = 8293A3D81C3C358000DE9E09 /* MomSelectionViewController.xib */; };
		8293A4011C3C358000DE9E09 /* MomSendDaughterInvitationConfirmationViewController.m in Sources */ = {isa = PBXBuildFile; fileRef = 8293A3DA1C3C358000DE9E09 /* MomSendDaughterInvitationConfirmationViewController.m */; };
		8293A4021C3C358000DE9E09 /* MomSendDaughterInvitationConfirmationViewController.xib in Resources */ = {isa = PBXBuildFile; fileRef = 8293A3DB1C3C358000DE9E09 /* MomSendDaughterInvitationConfirmationViewController.xib */; };
		8293A4031C3C358000DE9E09 /* MomSendDaughterInvitationViewController.m in Sources */ = {isa = PBXBuildFile; fileRef = 8293A3DD1C3C358000DE9E09 /* MomSendDaughterInvitationViewController.m */; };
		8293A4041C3C358000DE9E09 /* MomSendDaughterInvitationViewController.xib in Resources */ = {isa = PBXBuildFile; fileRef = 8293A3DE1C3C358000DE9E09 /* MomSendDaughterInvitationViewController.xib */; };
		8293A4051C3C358000DE9E09 /* WelcomeMomViewController.m in Sources */ = {isa = PBXBuildFile; fileRef = 8293A3E01C3C358000DE9E09 /* WelcomeMomViewController.m */; };
		8293A4061C3C358000DE9E09 /* WelcomeMomViewController.xib in Resources */ = {isa = PBXBuildFile; fileRef = 8293A3E11C3C358000DE9E09 /* WelcomeMomViewController.xib */; };
		8293A4071C3C358000DE9E09 /* WelcomeProductSelectionViewController.m in Sources */ = {isa = PBXBuildFile; fileRef = 8293A3E31C3C358000DE9E09 /* WelcomeProductSelectionViewController.m */; };
		8293A4081C3C358000DE9E09 /* WelcomeProductSelectionViewController.xib in Resources */ = {isa = PBXBuildFile; fileRef = 8293A3E41C3C358000DE9E09 /* WelcomeProductSelectionViewController.xib */; };
		8293A40E1C3C35F500DE9E09 /* SITutoViewController.m in Sources */ = {isa = PBXBuildFile; fileRef = 8293A40D1C3C35F500DE9E09 /* SITutoViewController.m */; };
		829AF1191BF1ED5A0084F860 /* SIEye.m in Sources */ = {isa = PBXBuildFile; fileRef = 829AF1121BF1ED5A0084F860 /* SIEye.m */; };
		829AF11A1BF1ED5A0084F860 /* SILip.m in Sources */ = {isa = PBXBuildFile; fileRef = 829AF1141BF1ED5A0084F860 /* SILip.m */; };
		829AF11B1BF1ED5A0084F860 /* SINose.m in Sources */ = {isa = PBXBuildFile; fileRef = 829AF1161BF1ED5A0084F860 /* SINose.m */; };
		829AF1211BF393F40084F860 /* SILoginViewController.m in Sources */ = {isa = PBXBuildFile; fileRef = 829AF1201BF393F40084F860 /* SILoginViewController.m */; };
		82A1FAC01BF0E4B800351AE6 /* SIFaceItem.m in Sources */ = {isa = PBXBuildFile; fileRef = 82A1FABF1BF0E4B800351AE6 /* SIFaceItem.m */; };
		82DB5CA61C11A1E000DDC8B0 /* didot.ttf in Resources */ = {isa = PBXBuildFile; fileRef = 82DB5CA01C11A1E000DDC8B0 /* didot.ttf */; };
		82DB5CA71C11A1E000DDC8B0 /* Montserrat-Black.otf in Resources */ = {isa = PBXBuildFile; fileRef = 82DB5CA11C11A1E000DDC8B0 /* Montserrat-Black.otf */; };
		82DB5CA81C11A1E000DDC8B0 /* Montserrat-Bold.otf in Resources */ = {isa = PBXBuildFile; fileRef = 82DB5CA21C11A1E000DDC8B0 /* Montserrat-Bold.otf */; };
		82DB5CA91C11A1E000DDC8B0 /* Montserrat-Hairline.otf in Resources */ = {isa = PBXBuildFile; fileRef = 82DB5CA31C11A1E000DDC8B0 /* Montserrat-Hairline.otf */; };
		82DB5CAA1C11A1E000DDC8B0 /* Montserrat-Light.otf in Resources */ = {isa = PBXBuildFile; fileRef = 82DB5CA41C11A1E000DDC8B0 /* Montserrat-Light.otf */; };
		82DB5CAB1C11A1E000DDC8B0 /* Montserrat-Regular.otf in Resources */ = {isa = PBXBuildFile; fileRef = 82DB5CA51C11A1E000DDC8B0 /* Montserrat-Regular.otf */; };
		82E4890B1BF4ABA1002E3EC7 /* SIHomeViewController.m in Sources */ = {isa = PBXBuildFile; fileRef = 82E4890A1BF4ABA1002E3EC7 /* SIHomeViewController.m */; };
		82E4890E1BF4AEF5002E3EC7 /* SIFaceView.m in Sources */ = {isa = PBXBuildFile; fileRef = 82E4890D1BF4AEF5002E3EC7 /* SIFaceView.m */; };
		82E58A6B1BE8CBE50078E780 /* .gitignore in Resources */ = {isa = PBXBuildFile; fileRef = 82E58A6A1BE8CBE50078E780 /* .gitignore */; };
		82E58A6E1BE8FF250078E780 /* SIPreviewView.m in Sources */ = {isa = PBXBuildFile; fileRef = 82E58A6D1BE8FF250078E780 /* SIPreviewView.m */; };
		82F2B5361BE8C63F0020AA2C /* main.m in Sources */ = {isa = PBXBuildFile; fileRef = 82F2B5351BE8C63F0020AA2C /* main.m */; };
		82F2B5391BE8C63F0020AA2C /* AppDelegate.m in Sources */ = {isa = PBXBuildFile; fileRef = 82F2B5381BE8C63F0020AA2C /* AppDelegate.m */; };
		82F2B53F1BE8C63F0020AA2C /* Main.storyboard in Resources */ = {isa = PBXBuildFile; fileRef = 82F2B53D1BE8C63F0020AA2C /* Main.storyboard */; };
		82F2B5411BE8C63F0020AA2C /* Assets.xcassets in Resources */ = {isa = PBXBuildFile; fileRef = 82F2B5401BE8C63F0020AA2C /* Assets.xcassets */; };
		82F2B5441BE8C63F0020AA2C /* LaunchScreen.storyboard in Resources */ = {isa = PBXBuildFile; fileRef = 82F2B5421BE8C63F0020AA2C /* LaunchScreen.storyboard */; };
		82F2B54F1BE8C63F0020AA2C /* SisleyTests.m in Sources */ = {isa = PBXBuildFile; fileRef = 82F2B54E1BE8C63F0020AA2C /* SisleyTests.m */; };
		82F2B55A1BE8C63F0020AA2C /* SisleyUITests.m in Sources */ = {isa = PBXBuildFile; fileRef = 82F2B5591BE8C63F0020AA2C /* SisleyUITests.m */; };
		E7ACCB2B6F643F8166E12EB7 /* libPods.a in Frameworks */ = {isa = PBXBuildFile; fileRef = 50C3B70D0F7B5768F2CF4EA1 /* libPods.a */; };
/* End PBXBuildFile section */

/* Begin PBXContainerItemProxy section */
		82F2B54B1BE8C63F0020AA2C /* PBXContainerItemProxy */ = {
			isa = PBXContainerItemProxy;
			containerPortal = 82F2B5291BE8C63F0020AA2C /* Project object */;
			proxyType = 1;
			remoteGlobalIDString = 82F2B5301BE8C63F0020AA2C;
			remoteInfo = Sisley;
		};
		82F2B5561BE8C63F0020AA2C /* PBXContainerItemProxy */ = {
			isa = PBXContainerItemProxy;
			containerPortal = 82F2B5291BE8C63F0020AA2C /* Project object */;
			proxyType = 1;
			remoteGlobalIDString = 82F2B5301BE8C63F0020AA2C;
			remoteInfo = Sisley;
		};
/* End PBXContainerItemProxy section */

/* Begin PBXFileReference section */
		50C3B70D0F7B5768F2CF4EA1 /* libPods.a */ = {isa = PBXFileReference; explicitFileType = archive.ar; includeInIndex = 0; path = libPods.a; sourceTree = BUILT_PRODUCTS_DIR; };
		81FB3235D60C34EDA69C1008 /* Pods.release.xcconfig */ = {isa = PBXFileReference; includeInIndex = 1; lastKnownFileType = text.xcconfig; name = Pods.release.xcconfig; path = "Pods/Target Support Files/Pods/Pods.release.xcconfig"; sourceTree = "<group>"; };
		8246372E1C3C54C100BBF985 /* bg-intro.mp4 */ = {isa = PBXFileReference; lastKnownFileType = file; name = "bg-intro.mp4"; path = "ressources/bg-intro.mp4"; sourceTree = "<group>"; };
		826485CD1BEA17C400A862A7 /* CameraViewController.h */ = {isa = PBXFileReference; fileEncoding = 4; lastKnownFileType = sourcecode.c.h; path = CameraViewController.h; sourceTree = "<group>"; };
		826485CE1BEA17C400A862A7 /* CameraViewController.m */ = {isa = PBXFileReference; fileEncoding = 4; lastKnownFileType = sourcecode.c.objc; path = CameraViewController.m; sourceTree = "<group>"; };
		826485D01BEA434F00A862A7 /* SIFaceViewController.h */ = {isa = PBXFileReference; fileEncoding = 4; lastKnownFileType = sourcecode.c.h; path = SIFaceViewController.h; sourceTree = "<group>"; };
		826485D11BEA434F00A862A7 /* SIFaceViewController.m */ = {isa = PBXFileReference; fileEncoding = 4; lastKnownFileType = sourcecode.c.objc; path = SIFaceViewController.m; sourceTree = "<group>"; };
		8282BACD1C3D57AF009CAFE8 /* BumpViewController.h */ = {isa = PBXFileReference; fileEncoding = 4; lastKnownFileType = sourcecode.c.h; path = BumpViewController.h; sourceTree = "<group>"; };
		8282BACE1C3D57AF009CAFE8 /* BumpViewController.m */ = {isa = PBXFileReference; fileEncoding = 4; lastKnownFileType = sourcecode.c.objc; path = BumpViewController.m; sourceTree = "<group>"; };
		828FCC551C3D6494008E34B3 /* MCManager.h */ = {isa = PBXFileReference; fileEncoding = 4; lastKnownFileType = sourcecode.c.h; path = MCManager.h; sourceTree = "<group>"; };
		828FCC561C3D6494008E34B3 /* MCManager.m */ = {isa = PBXFileReference; fileEncoding = 4; lastKnownFileType = sourcecode.c.objc; path = MCManager.m; sourceTree = "<group>"; };
		8293A3A11C3C355B00DE9E09 /* TutoMainViewController.h */ = {isa = PBXFileReference; fileEncoding = 4; lastKnownFileType = sourcecode.c.h; name = TutoMainViewController.h; path = Intro/TutoMainViewController.h; sourceTree = "<group>"; };
		8293A3A21C3C355B00DE9E09 /* TutoMainViewController.m */ = {isa = PBXFileReference; fileEncoding = 4; lastKnownFileType = sourcecode.c.objc; name = TutoMainViewController.m; path = Intro/TutoMainViewController.m; sourceTree = "<group>"; };
		8293A3A31C3C355B00DE9E09 /* TutoViewController.h */ = {isa = PBXFileReference; fileEncoding = 4; lastKnownFileType = sourcecode.c.h; name = TutoViewController.h; path = Intro/TutoViewController.h; sourceTree = "<group>"; };
		8293A3A41C3C355B00DE9E09 /* TutoViewController.m */ = {isa = PBXFileReference; fileEncoding = 4; lastKnownFileType = sourcecode.c.objc; name = TutoViewController.m; path = Intro/TutoViewController.m; sourceTree = "<group>"; };
		8293A3A51C3C355B00DE9E09 /* TutoViewController.xib */ = {isa = PBXFileReference; fileEncoding = 4; lastKnownFileType = file.xib; name = TutoViewController.xib; path = Intro/TutoViewController.xib; sourceTree = "<group>"; };
		8293A3A61C3C355B00DE9E09 /* UserTypeChoiceViewController.h */ = {isa = PBXFileReference; fileEncoding = 4; lastKnownFileType = sourcecode.c.h; name = UserTypeChoiceViewController.h; path = Intro/UserTypeChoiceViewController.h; sourceTree = "<group>"; };
		8293A3A71C3C355B00DE9E09 /* UserTypeChoiceViewController.m */ = {isa = PBXFileReference; fileEncoding = 4; lastKnownFileType = sourcecode.c.objc; name = UserTypeChoiceViewController.m; path = Intro/UserTypeChoiceViewController.m; sourceTree = "<group>"; };
		8293A3A81C3C355B00DE9E09 /* UserTypeChoiceViewController.xib */ = {isa = PBXFileReference; fileEncoding = 4; lastKnownFileType = file.xib; name = UserTypeChoiceViewController.xib; path = Intro/UserTypeChoiceViewController.xib; sourceTree = "<group>"; };
		8293A3AE1C3C358000DE9E09 /* DaughterComplexionPickerViewController.h */ = {isa = PBXFileReference; fileEncoding = 4; lastKnownFileType = sourcecode.c.h; name = DaughterComplexionPickerViewController.h; path = Mere/DaughterComplexionPickerViewController.h; sourceTree = "<group>"; };
		8293A3AF1C3C358000DE9E09 /* DaughterComplexionPickerViewController.m */ = {isa = PBXFileReference; fileEncoding = 4; lastKnownFileType = sourcecode.c.objc; name = DaughterComplexionPickerViewController.m; path = Mere/DaughterComplexionPickerViewController.m; sourceTree = "<group>"; };
		8293A3B01C3C358000DE9E09 /* DaughterComplexionPickerViewController.xib */ = {isa = PBXFileReference; fileEncoding = 4; lastKnownFileType = file.xib; name = DaughterComplexionPickerViewController.xib; path = Mere/DaughterComplexionPickerViewController.xib; sourceTree = "<group>"; };
		8293A3B11C3C358000DE9E09 /* DaughterEyesPickerViewController.h */ = {isa = PBXFileReference; fileEncoding = 4; lastKnownFileType = sourcecode.c.h; name = DaughterEyesPickerViewController.h; path = Mere/DaughterEyesPickerViewController.h; sourceTree = "<group>"; };
		8293A3B21C3C358000DE9E09 /* DaughterEyesPickerViewController.m */ = {isa = PBXFileReference; fileEncoding = 4; lastKnownFileType = sourcecode.c.objc; name = DaughterEyesPickerViewController.m; path = Mere/DaughterEyesPickerViewController.m; sourceTree = "<group>"; };
		8293A3B31C3C358000DE9E09 /* DaughterEyesPickerViewController.xib */ = {isa = PBXFileReference; fileEncoding = 4; lastKnownFileType = file.xib; name = DaughterEyesPickerViewController.xib; path = Mere/DaughterEyesPickerViewController.xib; sourceTree = "<group>"; };
		8293A3B41C3C358000DE9E09 /* DaughterHairPickViewController.h */ = {isa = PBXFileReference; fileEncoding = 4; lastKnownFileType = sourcecode.c.h; name = DaughterHairPickViewController.h; path = Mere/DaughterHairPickViewController.h; sourceTree = "<group>"; };
		8293A3B51C3C358000DE9E09 /* DaughterHairPickViewController.m */ = {isa = PBXFileReference; fileEncoding = 4; lastKnownFileType = sourcecode.c.objc; name = DaughterHairPickViewController.m; path = Mere/DaughterHairPickViewController.m; sourceTree = "<group>"; };
		8293A3B61C3C358000DE9E09 /* DaughterHairPickViewController.xib */ = {isa = PBXFileReference; fileEncoding = 4; lastKnownFileType = file.xib; name = DaughterHairPickViewController.xib; path = Mere/DaughterHairPickViewController.xib; sourceTree = "<group>"; };
		8293A3B71C3C358000DE9E09 /* iCarousel.h */ = {isa = PBXFileReference; fileEncoding = 4; lastKnownFileType = sourcecode.c.h; name = iCarousel.h; path = Mere/iCarousel.h; sourceTree = "<group>"; };
		8293A3B81C3C358000DE9E09 /* iCarousel.m */ = {isa = PBXFileReference; fileEncoding = 4; lastKnownFileType = sourcecode.c.objc; name = iCarousel.m; path = Mere/iCarousel.m; sourceTree = "<group>"; };
		8293A3B91C3C358000DE9E09 /* JumelerWelcomeViewController.h */ = {isa = PBXFileReference; fileEncoding = 4; lastKnownFileType = sourcecode.c.h; name = JumelerWelcomeViewController.h; path = Mere/JumelerWelcomeViewController.h; sourceTree = "<group>"; };
		8293A3BA1C3C358000DE9E09 /* JumelerWelcomeViewController.m */ = {isa = PBXFileReference; fileEncoding = 4; lastKnownFileType = sourcecode.c.objc; name = JumelerWelcomeViewController.m; path = Mere/JumelerWelcomeViewController.m; sourceTree = "<group>"; };
		8293A3BB1C3C358000DE9E09 /* JumelerWelcomeViewController.xib */ = {isa = PBXFileReference; fileEncoding = 4; lastKnownFileType = file.xib; name = JumelerWelcomeViewController.xib; path = Mere/JumelerWelcomeViewController.xib; sourceTree = "<group>"; };
		8293A3BC1C3C358000DE9E09 /* MomAddDaughterViewController.h */ = {isa = PBXFileReference; fileEncoding = 4; lastKnownFileType = sourcecode.c.h; name = MomAddDaughterViewController.h; path = Mere/MomAddDaughterViewController.h; sourceTree = "<group>"; };
		8293A3BD1C3C358000DE9E09 /* MomAddDaughterViewController.m */ = {isa = PBXFileReference; fileEncoding = 4; lastKnownFileType = sourcecode.c.objc; name = MomAddDaughterViewController.m; path = Mere/MomAddDaughterViewController.m; sourceTree = "<group>"; };
		8293A3BE1C3C358000DE9E09 /* MomAddDaughterViewController.xib */ = {isa = PBXFileReference; fileEncoding = 4; lastKnownFileType = file.xib; name = MomAddDaughterViewController.xib; path = Mere/MomAddDaughterViewController.xib; sourceTree = "<group>"; };
		8293A3BF1C3C358000DE9E09 /* MomHomeViewController.h */ = {isa = PBXFileReference; fileEncoding = 4; lastKnownFileType = sourcecode.c.h; name = MomHomeViewController.h; path = Mere/MomHomeViewController.h; sourceTree = "<group>"; };
		8293A3C01C3C358000DE9E09 /* MomHomeViewController.m */ = {isa = PBXFileReference; fileEncoding = 4; lastKnownFileType = sourcecode.c.objc; name = MomHomeViewController.m; path = Mere/MomHomeViewController.m; sourceTree = "<group>"; };
		8293A3C11C3C358000DE9E09 /* MomHomeViewController.xib */ = {isa = PBXFileReference; fileEncoding = 4; lastKnownFileType = file.xib; name = MomHomeViewController.xib; path = Mere/MomHomeViewController.xib; sourceTree = "<group>"; };
		8293A3C21C3C358000DE9E09 /* MomLoginViewController.h */ = {isa = PBXFileReference; fileEncoding = 4; lastKnownFileType = sourcecode.c.h; name = MomLoginViewController.h; path = Mere/MomLoginViewController.h; sourceTree = "<group>"; };
		8293A3C31C3C358000DE9E09 /* MomLoginViewController.m */ = {isa = PBXFileReference; fileEncoding = 4; lastKnownFileType = sourcecode.c.objc; name = MomLoginViewController.m; path = Mere/MomLoginViewController.m; sourceTree = "<group>"; };
		8293A3C41C3C358000DE9E09 /* MomPostSendInvitationViewController.h */ = {isa = PBXFileReference; fileEncoding = 4; lastKnownFileType = sourcecode.c.h; name = MomPostSendInvitationViewController.h; path = Mere/MomPostSendInvitationViewController.h; sourceTree = "<group>"; };
		8293A3C51C3C358000DE9E09 /* MomPostSendInvitationViewController.m */ = {isa = PBXFileReference; fileEncoding = 4; lastKnownFileType = sourcecode.c.objc; name = MomPostSendInvitationViewController.m; path = Mere/MomPostSendInvitationViewController.m; sourceTree = "<group>"; };
		8293A3C61C3C358000DE9E09 /* MomPostSendInvitationViewController.xib */ = {isa = PBXFileReference; fileEncoding = 4; lastKnownFileType = file.xib; name = MomPostSendInvitationViewController.xib; path = Mere/MomPostSendInvitationViewController.xib; sourceTree = "<group>"; };
		8293A3C71C3C358000DE9E09 /* MomRegistrationViewController.h */ = {isa = PBXFileReference; fileEncoding = 4; lastKnownFileType = sourcecode.c.h; name = MomRegistrationViewController.h; path = Mere/MomRegistrationViewController.h; sourceTree = "<group>"; };
		8293A3C81C3C358000DE9E09 /* MomRegistrationViewController.m */ = {isa = PBXFileReference; fileEncoding = 4; lastKnownFileType = sourcecode.c.objc; name = MomRegistrationViewController.m; path = Mere/MomRegistrationViewController.m; sourceTree = "<group>"; };
		8293A3C91C3C358000DE9E09 /* MomRegistrationViewController.xib */ = {isa = PBXFileReference; fileEncoding = 4; lastKnownFileType = file.xib; name = MomRegistrationViewController.xib; path = Mere/MomRegistrationViewController.xib; sourceTree = "<group>"; };
		8293A3CA1C3C358000DE9E09 /* MomSelectionProductEndViewController.h */ = {isa = PBXFileReference; fileEncoding = 4; lastKnownFileType = sourcecode.c.h; name = MomSelectionProductEndViewController.h; path = Mere/MomSelectionProductEndViewController.h; sourceTree = "<group>"; };
		8293A3CB1C3C358000DE9E09 /* MomSelectionProductEndViewController.m */ = {isa = PBXFileReference; fileEncoding = 4; lastKnownFileType = sourcecode.c.objc; name = MomSelectionProductEndViewController.m; path = Mere/MomSelectionProductEndViewController.m; sourceTree = "<group>"; };
		8293A3CC1C3C358000DE9E09 /* MomSelectionProductEndViewController.xib */ = {isa = PBXFileReference; fileEncoding = 4; lastKnownFileType = file.xib; name = MomSelectionProductEndViewController.xib; path = Mere/MomSelectionProductEndViewController.xib; sourceTree = "<group>"; };
		8293A3CD1C3C358000DE9E09 /* MomSelectionProductPreviewViewController.h */ = {isa = PBXFileReference; fileEncoding = 4; lastKnownFileType = sourcecode.c.h; name = MomSelectionProductPreviewViewController.h; path = Mere/MomSelectionProductPreviewViewController.h; sourceTree = "<group>"; };
		8293A3CE1C3C358000DE9E09 /* MomSelectionProductPreviewViewController.m */ = {isa = PBXFileReference; fileEncoding = 4; lastKnownFileType = sourcecode.c.objc; name = MomSelectionProductPreviewViewController.m; path = Mere/MomSelectionProductPreviewViewController.m; sourceTree = "<group>"; };
		8293A3CF1C3C358000DE9E09 /* MomSelectionProductPreviewViewController.xib */ = {isa = PBXFileReference; fileEncoding = 4; lastKnownFileType = file.xib; name = MomSelectionProductPreviewViewController.xib; path = Mere/MomSelectionProductPreviewViewController.xib; sourceTree = "<group>"; };
		8293A3D01C3C358000DE9E09 /* MomSelectionProductViewController.h */ = {isa = PBXFileReference; fileEncoding = 4; lastKnownFileType = sourcecode.c.h; name = MomSelectionProductViewController.h; path = Mere/MomSelectionProductViewController.h; sourceTree = "<group>"; };
		8293A3D11C3C358000DE9E09 /* MomSelectionProductViewController.m */ = {isa = PBXFileReference; fileEncoding = 4; lastKnownFileType = sourcecode.c.objc; name = MomSelectionProductViewController.m; path = Mere/MomSelectionProductViewController.m; sourceTree = "<group>"; };
		8293A3D21C3C358000DE9E09 /* MomSelectionProductViewController.xib */ = {isa = PBXFileReference; fileEncoding = 4; lastKnownFileType = file.xib; name = MomSelectionProductViewController.xib; path = Mere/MomSelectionProductViewController.xib; sourceTree = "<group>"; };
		8293A3D31C3C358000DE9E09 /* MomSelectionProductWelcomeViewController.h */ = {isa = PBXFileReference; fileEncoding = 4; lastKnownFileType = sourcecode.c.h; name = MomSelectionProductWelcomeViewController.h; path = Mere/MomSelectionProductWelcomeViewController.h; sourceTree = "<group>"; };
		8293A3D41C3C358000DE9E09 /* MomSelectionProductWelcomeViewController.m */ = {isa = PBXFileReference; fileEncoding = 4; lastKnownFileType = sourcecode.c.objc; name = MomSelectionProductWelcomeViewController.m; path = Mere/MomSelectionProductWelcomeViewController.m; sourceTree = "<group>"; };
		8293A3D51C3C358000DE9E09 /* MomSelectionProductWelcomeViewController.xib */ = {isa = PBXFileReference; fileEncoding = 4; lastKnownFileType = file.xib; name = MomSelectionProductWelcomeViewController.xib; path = Mere/MomSelectionProductWelcomeViewController.xib; sourceTree = "<group>"; };
		8293A3D61C3C358000DE9E09 /* MomSelectionViewController.h */ = {isa = PBXFileReference; fileEncoding = 4; lastKnownFileType = sourcecode.c.h; name = MomSelectionViewController.h; path = Mere/MomSelectionViewController.h; sourceTree = "<group>"; };
		8293A3D71C3C358000DE9E09 /* MomSelectionViewController.m */ = {isa = PBXFileReference; fileEncoding = 4; lastKnownFileType = sourcecode.c.objc; name = MomSelectionViewController.m; path = Mere/MomSelectionViewController.m; sourceTree = "<group>"; };
		8293A3D81C3C358000DE9E09 /* MomSelectionViewController.xib */ = {isa = PBXFileReference; fileEncoding = 4; lastKnownFileType = file.xib; name = MomSelectionViewController.xib; path = Mere/MomSelectionViewController.xib; sourceTree = "<group>"; };
		8293A3D91C3C358000DE9E09 /* MomSendDaughterInvitationConfirmationViewController.h */ = {isa = PBXFileReference; fileEncoding = 4; lastKnownFileType = sourcecode.c.h; name = MomSendDaughterInvitationConfirmationViewController.h; path = Mere/MomSendDaughterInvitationConfirmationViewController.h; sourceTree = "<group>"; };
		8293A3DA1C3C358000DE9E09 /* MomSendDaughterInvitationConfirmationViewController.m */ = {isa = PBXFileReference; fileEncoding = 4; lastKnownFileType = sourcecode.c.objc; name = MomSendDaughterInvitationConfirmationViewController.m; path = Mere/MomSendDaughterInvitationConfirmationViewController.m; sourceTree = "<group>"; };
		8293A3DB1C3C358000DE9E09 /* MomSendDaughterInvitationConfirmationViewController.xib */ = {isa = PBXFileReference; fileEncoding = 4; lastKnownFileType = file.xib; name = MomSendDaughterInvitationConfirmationViewController.xib; path = Mere/MomSendDaughterInvitationConfirmationViewController.xib; sourceTree = "<group>"; };
		8293A3DC1C3C358000DE9E09 /* MomSendDaughterInvitationViewController.h */ = {isa = PBXFileReference; fileEncoding = 4; lastKnownFileType = sourcecode.c.h; name = MomSendDaughterInvitationViewController.h; path = Mere/MomSendDaughterInvitationViewController.h; sourceTree = "<group>"; };
		8293A3DD1C3C358000DE9E09 /* MomSendDaughterInvitationViewController.m */ = {isa = PBXFileReference; fileEncoding = 4; lastKnownFileType = sourcecode.c.objc; name = MomSendDaughterInvitationViewController.m; path = Mere/MomSendDaughterInvitationViewController.m; sourceTree = "<group>"; };
		8293A3DE1C3C358000DE9E09 /* MomSendDaughterInvitationViewController.xib */ = {isa = PBXFileReference; fileEncoding = 4; lastKnownFileType = file.xib; name = MomSendDaughterInvitationViewController.xib; path = Mere/MomSendDaughterInvitationViewController.xib; sourceTree = "<group>"; };
		8293A3DF1C3C358000DE9E09 /* WelcomeMomViewController.h */ = {isa = PBXFileReference; fileEncoding = 4; lastKnownFileType = sourcecode.c.h; name = WelcomeMomViewController.h; path = Mere/WelcomeMomViewController.h; sourceTree = "<group>"; };
		8293A3E01C3C358000DE9E09 /* WelcomeMomViewController.m */ = {isa = PBXFileReference; fileEncoding = 4; lastKnownFileType = sourcecode.c.objc; name = WelcomeMomViewController.m; path = Mere/WelcomeMomViewController.m; sourceTree = "<group>"; };
		8293A3E11C3C358000DE9E09 /* WelcomeMomViewController.xib */ = {isa = PBXFileReference; fileEncoding = 4; lastKnownFileType = file.xib; name = WelcomeMomViewController.xib; path = Mere/WelcomeMomViewController.xib; sourceTree = "<group>"; };
		8293A3E21C3C358000DE9E09 /* WelcomeProductSelectionViewController.h */ = {isa = PBXFileReference; fileEncoding = 4; lastKnownFileType = sourcecode.c.h; name = WelcomeProductSelectionViewController.h; path = Mere/WelcomeProductSelectionViewController.h; sourceTree = "<group>"; };
		8293A3E31C3C358000DE9E09 /* WelcomeProductSelectionViewController.m */ = {isa = PBXFileReference; fileEncoding = 4; lastKnownFileType = sourcecode.c.objc; name = WelcomeProductSelectionViewController.m; path = Mere/WelcomeProductSelectionViewController.m; sourceTree = "<group>"; };
		8293A3E41C3C358000DE9E09 /* WelcomeProductSelectionViewController.xib */ = {isa = PBXFileReference; fileEncoding = 4; lastKnownFileType = file.xib; name = WelcomeProductSelectionViewController.xib; path = Mere/WelcomeProductSelectionViewController.xib; sourceTree = "<group>"; };
		8293A40C1C3C35F500DE9E09 /* SITutoViewController.h */ = {isa = PBXFileReference; fileEncoding = 4; lastKnownFileType = sourcecode.c.h; name = SITutoViewController.h; path = Intro/SITutoViewController.h; sourceTree = "<group>"; };
		8293A40D1C3C35F500DE9E09 /* SITutoViewController.m */ = {isa = PBXFileReference; fileEncoding = 4; lastKnownFileType = sourcecode.c.objc; name = SITutoViewController.m; path = Intro/SITutoViewController.m; sourceTree = "<group>"; };
		829AF1111BF1ED5A0084F860 /* SIEye.h */ = {isa = PBXFileReference; fileEncoding = 4; lastKnownFileType = sourcecode.c.h; name = SIEye.h; path = models/face/SIEye.h; sourceTree = "<group>"; };
		829AF1121BF1ED5A0084F860 /* SIEye.m */ = {isa = PBXFileReference; fileEncoding = 4; lastKnownFileType = sourcecode.c.objc; name = SIEye.m; path = models/face/SIEye.m; sourceTree = "<group>"; };
		829AF1131BF1ED5A0084F860 /* SILip.h */ = {isa = PBXFileReference; fileEncoding = 4; lastKnownFileType = sourcecode.c.h; name = SILip.h; path = models/face/SILip.h; sourceTree = "<group>"; };
		829AF1141BF1ED5A0084F860 /* SILip.m */ = {isa = PBXFileReference; fileEncoding = 4; lastKnownFileType = sourcecode.c.objc; name = SILip.m; path = models/face/SILip.m; sourceTree = "<group>"; };
		829AF1151BF1ED5A0084F860 /* SINose.h */ = {isa = PBXFileReference; fileEncoding = 4; lastKnownFileType = sourcecode.c.h; name = SINose.h; path = models/face/SINose.h; sourceTree = "<group>"; };
		829AF1161BF1ED5A0084F860 /* SINose.m */ = {isa = PBXFileReference; fileEncoding = 4; lastKnownFileType = sourcecode.c.objc; name = SINose.m; path = models/face/SINose.m; sourceTree = "<group>"; };
		829AF11F1BF393F40084F860 /* SILoginViewController.h */ = {isa = PBXFileReference; fileEncoding = 4; lastKnownFileType = sourcecode.c.h; path = SILoginViewController.h; sourceTree = "<group>"; };
		829AF1201BF393F40084F860 /* SILoginViewController.m */ = {isa = PBXFileReference; fileEncoding = 4; lastKnownFileType = sourcecode.c.objc; path = SILoginViewController.m; sourceTree = "<group>"; };
		82A1FABE1BF0E4B800351AE6 /* SIFaceItem.h */ = {isa = PBXFileReference; fileEncoding = 4; lastKnownFileType = sourcecode.c.h; name = SIFaceItem.h; path = models/SIFaceItem.h; sourceTree = "<group>"; };
		82A1FABF1BF0E4B800351AE6 /* SIFaceItem.m */ = {isa = PBXFileReference; fileEncoding = 4; lastKnownFileType = sourcecode.c.objc; name = SIFaceItem.m; path = models/SIFaceItem.m; sourceTree = "<group>"; };
		82DB5CA01C11A1E000DDC8B0 /* didot.ttf */ = {isa = PBXFileReference; lastKnownFileType = file; name = didot.ttf; path = fonts/didot.ttf; sourceTree = "<group>"; };
		82DB5CA11C11A1E000DDC8B0 /* Montserrat-Black.otf */ = {isa = PBXFileReference; lastKnownFileType = file; name = "Montserrat-Black.otf"; path = "fonts/Montserrat-Black.otf"; sourceTree = "<group>"; };
		82DB5CA21C11A1E000DDC8B0 /* Montserrat-Bold.otf */ = {isa = PBXFileReference; lastKnownFileType = file; name = "Montserrat-Bold.otf"; path = "fonts/Montserrat-Bold.otf"; sourceTree = "<group>"; };
		82DB5CA31C11A1E000DDC8B0 /* Montserrat-Hairline.otf */ = {isa = PBXFileReference; lastKnownFileType = file; name = "Montserrat-Hairline.otf"; path = "fonts/Montserrat-Hairline.otf"; sourceTree = "<group>"; };
		82DB5CA41C11A1E000DDC8B0 /* Montserrat-Light.otf */ = {isa = PBXFileReference; lastKnownFileType = file; name = "Montserrat-Light.otf"; path = "fonts/Montserrat-Light.otf"; sourceTree = "<group>"; };
		82DB5CA51C11A1E000DDC8B0 /* Montserrat-Regular.otf */ = {isa = PBXFileReference; lastKnownFileType = file; name = "Montserrat-Regular.otf"; path = "fonts/Montserrat-Regular.otf"; sourceTree = "<group>"; };
		82E489091BF4ABA1002E3EC7 /* SIHomeViewController.h */ = {isa = PBXFileReference; fileEncoding = 4; lastKnownFileType = sourcecode.c.h; path = SIHomeViewController.h; sourceTree = "<group>"; };
		82E4890A1BF4ABA1002E3EC7 /* SIHomeViewController.m */ = {isa = PBXFileReference; fileEncoding = 4; lastKnownFileType = sourcecode.c.objc; path = SIHomeViewController.m; sourceTree = "<group>"; };
		82E4890C1BF4AEF5002E3EC7 /* SIFaceView.h */ = {isa = PBXFileReference; fileEncoding = 4; lastKnownFileType = sourcecode.c.h; path = SIFaceView.h; sourceTree = "<group>"; };
		82E4890D1BF4AEF5002E3EC7 /* SIFaceView.m */ = {isa = PBXFileReference; fileEncoding = 4; lastKnownFileType = sourcecode.c.objc; path = SIFaceView.m; sourceTree = "<group>"; };
		82E58A6A1BE8CBE50078E780 /* .gitignore */ = {isa = PBXFileReference; fileEncoding = 4; lastKnownFileType = text; path = .gitignore; sourceTree = SOURCE_ROOT; };
		82E58A6C1BE8FF250078E780 /* SIPreviewView.h */ = {isa = PBXFileReference; fileEncoding = 4; lastKnownFileType = sourcecode.c.h; path = SIPreviewView.h; sourceTree = "<group>"; };
		82E58A6D1BE8FF250078E780 /* SIPreviewView.m */ = {isa = PBXFileReference; fileEncoding = 4; lastKnownFileType = sourcecode.c.objc; path = SIPreviewView.m; sourceTree = "<group>"; };
		82F2B5311BE8C63F0020AA2C /* Sisley.app */ = {isa = PBXFileReference; explicitFileType = wrapper.application; includeInIndex = 0; path = Sisley.app; sourceTree = BUILT_PRODUCTS_DIR; };
		82F2B5351BE8C63F0020AA2C /* main.m */ = {isa = PBXFileReference; lastKnownFileType = sourcecode.c.objc; path = main.m; sourceTree = "<group>"; };
		82F2B5371BE8C63F0020AA2C /* AppDelegate.h */ = {isa = PBXFileReference; lastKnownFileType = sourcecode.c.h; path = AppDelegate.h; sourceTree = "<group>"; };
		82F2B5381BE8C63F0020AA2C /* AppDelegate.m */ = {isa = PBXFileReference; lastKnownFileType = sourcecode.c.objc; path = AppDelegate.m; sourceTree = "<group>"; };
		82F2B53E1BE8C63F0020AA2C /* Base */ = {isa = PBXFileReference; lastKnownFileType = file.storyboard; name = Base; path = Base.lproj/Main.storyboard; sourceTree = "<group>"; };
		82F2B5401BE8C63F0020AA2C /* Assets.xcassets */ = {isa = PBXFileReference; lastKnownFileType = folder.assetcatalog; path = Assets.xcassets; sourceTree = "<group>"; };
		82F2B5431BE8C63F0020AA2C /* Base */ = {isa = PBXFileReference; lastKnownFileType = file.storyboard; name = Base; path = Base.lproj/LaunchScreen.storyboard; sourceTree = "<group>"; };
		82F2B5451BE8C63F0020AA2C /* Info.plist */ = {isa = PBXFileReference; lastKnownFileType = text.plist.xml; path = Info.plist; sourceTree = "<group>"; };
		82F2B54A1BE8C63F0020AA2C /* SisleyTests.xctest */ = {isa = PBXFileReference; explicitFileType = wrapper.cfbundle; includeInIndex = 0; path = SisleyTests.xctest; sourceTree = BUILT_PRODUCTS_DIR; };
		82F2B54E1BE8C63F0020AA2C /* SisleyTests.m */ = {isa = PBXFileReference; lastKnownFileType = sourcecode.c.objc; path = SisleyTests.m; sourceTree = "<group>"; };
		82F2B5501BE8C63F0020AA2C /* Info.plist */ = {isa = PBXFileReference; lastKnownFileType = text.plist.xml; path = Info.plist; sourceTree = "<group>"; };
		82F2B5551BE8C63F0020AA2C /* SisleyUITests.xctest */ = {isa = PBXFileReference; explicitFileType = wrapper.cfbundle; includeInIndex = 0; path = SisleyUITests.xctest; sourceTree = BUILT_PRODUCTS_DIR; };
		82F2B5591BE8C63F0020AA2C /* SisleyUITests.m */ = {isa = PBXFileReference; lastKnownFileType = sourcecode.c.objc; path = SisleyUITests.m; sourceTree = "<group>"; };
		82F2B55B1BE8C63F0020AA2C /* Info.plist */ = {isa = PBXFileReference; lastKnownFileType = text.plist.xml; path = Info.plist; sourceTree = "<group>"; };
		C4585F5B8311C42163BA505F /* Pods.debug.xcconfig */ = {isa = PBXFileReference; includeInIndex = 1; lastKnownFileType = text.xcconfig; name = Pods.debug.xcconfig; path = "Pods/Target Support Files/Pods/Pods.debug.xcconfig"; sourceTree = "<group>"; };
/* End PBXFileReference section */

/* Begin PBXFrameworksBuildPhase section */
		82F2B52E1BE8C63F0020AA2C /* Frameworks */ = {
			isa = PBXFrameworksBuildPhase;
			buildActionMask = 2147483647;
			files = (
				E7ACCB2B6F643F8166E12EB7 /* libPods.a in Frameworks */,
			);
			runOnlyForDeploymentPostprocessing = 0;
		};
		82F2B5471BE8C63F0020AA2C /* Frameworks */ = {
			isa = PBXFrameworksBuildPhase;
			buildActionMask = 2147483647;
			files = (
			);
			runOnlyForDeploymentPostprocessing = 0;
		};
		82F2B5521BE8C63F0020AA2C /* Frameworks */ = {
			isa = PBXFrameworksBuildPhase;
			buildActionMask = 2147483647;
			files = (
			);
			runOnlyForDeploymentPostprocessing = 0;
		};
/* End PBXFrameworksBuildPhase section */

/* Begin PBXGroup section */
		5E0DB4FAEA73BC80F96C7405 /* Pods */ = {
			isa = PBXGroup;
			children = (
				C4585F5B8311C42163BA505F /* Pods.debug.xcconfig */,
				81FB3235D60C34EDA69C1008 /* Pods.release.xcconfig */,
			);
			name = Pods;
			sourceTree = "<group>";
		};
		6B17791A0FABE5F4470EBA84 /* Frameworks */ = {
			isa = PBXGroup;
			children = (
				50C3B70D0F7B5768F2CF4EA1 /* libPods.a */,
			);
			name = Frameworks;
			sourceTree = "<group>";
		};
		8246372B1C3C546500BBF985 /* ressources */ = {
			isa = PBXGroup;
			children = (
				8246372E1C3C54C100BBF985 /* bg-intro.mp4 */,
			);
			name = ressources;
			sourceTree = "<group>";
		};
		8293A3371C3C187000DE9E09 /* Intro */ = {
			isa = PBXGroup;
			children = (
				8293A3A11C3C355B00DE9E09 /* TutoMainViewController.h */,
				8293A3A21C3C355B00DE9E09 /* TutoMainViewController.m */,
				8293A3A31C3C355B00DE9E09 /* TutoViewController.h */,
				8293A3A41C3C355B00DE9E09 /* TutoViewController.m */,
				8293A3A51C3C355B00DE9E09 /* TutoViewController.xib */,
				8293A3A61C3C355B00DE9E09 /* UserTypeChoiceViewController.h */,
				8293A3A71C3C355B00DE9E09 /* UserTypeChoiceViewController.m */,
				8293A3A81C3C355B00DE9E09 /* UserTypeChoiceViewController.xib */,
				8293A40C1C3C35F500DE9E09 /* SITutoViewController.h */,
				8293A40D1C3C35F500DE9E09 /* SITutoViewController.m */,
			);
			name = Intro;
			sourceTree = "<group>";
		};
		8293A3451C3C217C00DE9E09 /* Mere */ = {
			isa = PBXGroup;
			children = (
				8293A3AE1C3C358000DE9E09 /* DaughterComplexionPickerViewController.h */,
				8293A3AF1C3C358000DE9E09 /* DaughterComplexionPickerViewController.m */,
				8293A3B01C3C358000DE9E09 /* DaughterComplexionPickerViewController.xib */,
				8293A3B11C3C358000DE9E09 /* DaughterEyesPickerViewController.h */,
				8293A3B21C3C358000DE9E09 /* DaughterEyesPickerViewController.m */,
				8293A3B31C3C358000DE9E09 /* DaughterEyesPickerViewController.xib */,
				8293A3B41C3C358000DE9E09 /* DaughterHairPickViewController.h */,
				8293A3B51C3C358000DE9E09 /* DaughterHairPickViewController.m */,
				8293A3B61C3C358000DE9E09 /* DaughterHairPickViewController.xib */,
				8293A3B71C3C358000DE9E09 /* iCarousel.h */,
				8293A3B81C3C358000DE9E09 /* iCarousel.m */,
				8293A3B91C3C358000DE9E09 /* JumelerWelcomeViewController.h */,
				8293A3BA1C3C358000DE9E09 /* JumelerWelcomeViewController.m */,
				8293A3BB1C3C358000DE9E09 /* JumelerWelcomeViewController.xib */,
				8293A3BC1C3C358000DE9E09 /* MomAddDaughterViewController.h */,
				8293A3BD1C3C358000DE9E09 /* MomAddDaughterViewController.m */,
				8293A3BE1C3C358000DE9E09 /* MomAddDaughterViewController.xib */,
				8293A3BF1C3C358000DE9E09 /* MomHomeViewController.h */,
				8293A3C01C3C358000DE9E09 /* MomHomeViewController.m */,
				8293A3C11C3C358000DE9E09 /* MomHomeViewController.xib */,
				8293A3C21C3C358000DE9E09 /* MomLoginViewController.h */,
				8293A3C31C3C358000DE9E09 /* MomLoginViewController.m */,
				8293A3C41C3C358000DE9E09 /* MomPostSendInvitationViewController.h */,
				8293A3C51C3C358000DE9E09 /* MomPostSendInvitationViewController.m */,
				8293A3C61C3C358000DE9E09 /* MomPostSendInvitationViewController.xib */,
				8293A3C71C3C358000DE9E09 /* MomRegistrationViewController.h */,
				8293A3C81C3C358000DE9E09 /* MomRegistrationViewController.m */,
				8293A3C91C3C358000DE9E09 /* MomRegistrationViewController.xib */,
				8293A3CA1C3C358000DE9E09 /* MomSelectionProductEndViewController.h */,
				8293A3CB1C3C358000DE9E09 /* MomSelectionProductEndViewController.m */,
				8293A3CC1C3C358000DE9E09 /* MomSelectionProductEndViewController.xib */,
				8293A3CD1C3C358000DE9E09 /* MomSelectionProductPreviewViewController.h */,
				8293A3CE1C3C358000DE9E09 /* MomSelectionProductPreviewViewController.m */,
				8293A3CF1C3C358000DE9E09 /* MomSelectionProductPreviewViewController.xib */,
				8293A3D01C3C358000DE9E09 /* MomSelectionProductViewController.h */,
				8293A3D11C3C358000DE9E09 /* MomSelectionProductViewController.m */,
				8293A3D21C3C358000DE9E09 /* MomSelectionProductViewController.xib */,
				8293A3D31C3C358000DE9E09 /* MomSelectionProductWelcomeViewController.h */,
				8293A3D41C3C358000DE9E09 /* MomSelectionProductWelcomeViewController.m */,
				8293A3D51C3C358000DE9E09 /* MomSelectionProductWelcomeViewController.xib */,
				8293A3D61C3C358000DE9E09 /* MomSelectionViewController.h */,
				8293A3D71C3C358000DE9E09 /* MomSelectionViewController.m */,
				8293A3D81C3C358000DE9E09 /* MomSelectionViewController.xib */,
				8293A3D91C3C358000DE9E09 /* MomSendDaughterInvitationConfirmationViewController.h */,
				8293A3DA1C3C358000DE9E09 /* MomSendDaughterInvitationConfirmationViewController.m */,
				8293A3DB1C3C358000DE9E09 /* MomSendDaughterInvitationConfirmationViewController.xib */,
				8293A3DC1C3C358000DE9E09 /* MomSendDaughterInvitationViewController.h */,
				8293A3DD1C3C358000DE9E09 /* MomSendDaughterInvitationViewController.m */,
				8293A3DE1C3C358000DE9E09 /* MomSendDaughterInvitationViewController.xib */,
				8293A3DF1C3C358000DE9E09 /* WelcomeMomViewController.h */,
				8293A3E01C3C358000DE9E09 /* WelcomeMomViewController.m */,
				8293A3E11C3C358000DE9E09 /* WelcomeMomViewController.xib */,
				8293A3E21C3C358000DE9E09 /* WelcomeProductSelectionViewController.h */,
				8293A3E31C3C358000DE9E09 /* WelcomeProductSelectionViewController.m */,
				8293A3E41C3C358000DE9E09 /* WelcomeProductSelectionViewController.xib */,
			);
			name = Mere;
			sourceTree = "<group>";
		};
		829AF10C1BF1ED0E0084F860 /* face */ = {
			isa = PBXGroup;
			children = (
				829AF1111BF1ED5A0084F860 /* SIEye.h */,
				829AF1121BF1ED5A0084F860 /* SIEye.m */,
				829AF1131BF1ED5A0084F860 /* SILip.h */,
				829AF1141BF1ED5A0084F860 /* SILip.m */,
				829AF1151BF1ED5A0084F860 /* SINose.h */,
				829AF1161BF1ED5A0084F860 /* SINose.m */,
			);
			name = face;
			sourceTree = "<group>";
		};
		82A1FABD1BF0E47C00351AE6 /* models */ = {
			isa = PBXGroup;
			children = (
				829AF10C1BF1ED0E0084F860 /* face */,
				82A1FABE1BF0E4B800351AE6 /* SIFaceItem.h */,
				82A1FABF1BF0E4B800351AE6 /* SIFaceItem.m */,
			);
			name = models;
			sourceTree = "<group>";
		};
		82DB5C9F1C11A1D600DDC8B0 /* fonts */ = {
			isa = PBXGroup;
			children = (
				82DB5CA01C11A1E000DDC8B0 /* didot.ttf */,
				82DB5CA11C11A1E000DDC8B0 /* Montserrat-Black.otf */,
				82DB5CA21C11A1E000DDC8B0 /* Montserrat-Bold.otf */,
				82DB5CA31C11A1E000DDC8B0 /* Montserrat-Hairline.otf */,
				82DB5CA41C11A1E000DDC8B0 /* Montserrat-Light.otf */,
				82DB5CA51C11A1E000DDC8B0 /* Montserrat-Regular.otf */,
			);
			name = fonts;
			sourceTree = "<group>";
		};
		82F2B5281BE8C63F0020AA2C = {
			isa = PBXGroup;
			children = (
				82F2B5331BE8C63F0020AA2C /* Sisley */,
				82F2B54D1BE8C63F0020AA2C /* SisleyTests */,
				82F2B5581BE8C63F0020AA2C /* SisleyUITests */,
				82F2B5321BE8C63F0020AA2C /* Products */,
				5E0DB4FAEA73BC80F96C7405 /* Pods */,
				6B17791A0FABE5F4470EBA84 /* Frameworks */,
			);
			sourceTree = "<group>";
		};
		82F2B5321BE8C63F0020AA2C /* Products */ = {
			isa = PBXGroup;
			children = (
				82F2B5311BE8C63F0020AA2C /* Sisley.app */,
				82F2B54A1BE8C63F0020AA2C /* SisleyTests.xctest */,
				82F2B5551BE8C63F0020AA2C /* SisleyUITests.xctest */,
			);
			name = Products;
			sourceTree = "<group>";
		};
		82F2B5331BE8C63F0020AA2C /* Sisley */ = {
			isa = PBXGroup;
			children = (
				8246372B1C3C546500BBF985 /* ressources */,
				8293A3451C3C217C00DE9E09 /* Mere */,
				8293A3371C3C187000DE9E09 /* Intro */,
				82DB5C9F1C11A1D600DDC8B0 /* fonts */,
				82A1FABD1BF0E47C00351AE6 /* models */,
				82F2B5371BE8C63F0020AA2C /* AppDelegate.h */,
				82F2B5381BE8C63F0020AA2C /* AppDelegate.m */,
				826485CD1BEA17C400A862A7 /* CameraViewController.h */,
				826485CE1BEA17C400A862A7 /* CameraViewController.m */,
				826485D01BEA434F00A862A7 /* SIFaceViewController.h */,
				826485D11BEA434F00A862A7 /* SIFaceViewController.m */,
				82E4890C1BF4AEF5002E3EC7 /* SIFaceView.h */,
				82E4890D1BF4AEF5002E3EC7 /* SIFaceView.m */,
				82E58A6A1BE8CBE50078E780 /* .gitignore */,
				82F2B53D1BE8C63F0020AA2C /* Main.storyboard */,
				828FCC551C3D6494008E34B3 /* MCManager.h */,
				828FCC561C3D6494008E34B3 /* MCManager.m */,
				82E489091BF4ABA1002E3EC7 /* SIHomeViewController.h */,
				82E4890A1BF4ABA1002E3EC7 /* SIHomeViewController.m */,
				829AF11F1BF393F40084F860 /* SILoginViewController.h */,
				829AF1201BF393F40084F860 /* SILoginViewController.m */,
				82E58A6C1BE8FF250078E780 /* SIPreviewView.h */,
				82E58A6D1BE8FF250078E780 /* SIPreviewView.m */,
				82F2B5401BE8C63F0020AA2C /* Assets.xcassets */,
				8282BACD1C3D57AF009CAFE8 /* BumpViewController.h */,
				8282BACE1C3D57AF009CAFE8 /* BumpViewController.m */,
				82F2B5421BE8C63F0020AA2C /* LaunchScreen.storyboard */,
				82F2B5451BE8C63F0020AA2C /* Info.plist */,
				82F2B5341BE8C63F0020AA2C /* Supporting Files */,
			);
			path = Sisley;
			sourceTree = "<group>";
		};
		82F2B5341BE8C63F0020AA2C /* Supporting Files */ = {
			isa = PBXGroup;
			children = (
				82F2B5351BE8C63F0020AA2C /* main.m */,
			);
			name = "Supporting Files";
			sourceTree = "<group>";
		};
		82F2B54D1BE8C63F0020AA2C /* SisleyTests */ = {
			isa = PBXGroup;
			children = (
				82F2B54E1BE8C63F0020AA2C /* SisleyTests.m */,
				82F2B5501BE8C63F0020AA2C /* Info.plist */,
			);
			path = SisleyTests;
			sourceTree = "<group>";
		};
		82F2B5581BE8C63F0020AA2C /* SisleyUITests */ = {
			isa = PBXGroup;
			children = (
				82F2B5591BE8C63F0020AA2C /* SisleyUITests.m */,
				82F2B55B1BE8C63F0020AA2C /* Info.plist */,
			);
			path = SisleyUITests;
			sourceTree = "<group>";
		};
/* End PBXGroup section */

/* Begin PBXNativeTarget section */
		82F2B5301BE8C63F0020AA2C /* Sisley */ = {
			isa = PBXNativeTarget;
			buildConfigurationList = 82F2B55E1BE8C63F0020AA2C /* Build configuration list for PBXNativeTarget "Sisley" */;
			buildPhases = (
				15586A223800EA416E8EABB4 /* Check Pods Manifest.lock */,
				82F2B52D1BE8C63F0020AA2C /* Sources */,
				82F2B52E1BE8C63F0020AA2C /* Frameworks */,
				82F2B52F1BE8C63F0020AA2C /* Resources */,
				05C4C120A42F7640E39B0769 /* Embed Pods Frameworks */,
				0FF380CC5F8BF9281F59F0A5 /* Copy Pods Resources */,
			);
			buildRules = (
			);
			dependencies = (
			);
			name = Sisley;
			productName = Sisley;
			productReference = 82F2B5311BE8C63F0020AA2C /* Sisley.app */;
			productType = "com.apple.product-type.application";
		};
		82F2B5491BE8C63F0020AA2C /* SisleyTests */ = {
			isa = PBXNativeTarget;
			buildConfigurationList = 82F2B5611BE8C63F0020AA2C /* Build configuration list for PBXNativeTarget "SisleyTests" */;
			buildPhases = (
				82F2B5461BE8C63F0020AA2C /* Sources */,
				82F2B5471BE8C63F0020AA2C /* Frameworks */,
				82F2B5481BE8C63F0020AA2C /* Resources */,
			);
			buildRules = (
			);
			dependencies = (
				82F2B54C1BE8C63F0020AA2C /* PBXTargetDependency */,
			);
			name = SisleyTests;
			productName = SisleyTests;
			productReference = 82F2B54A1BE8C63F0020AA2C /* SisleyTests.xctest */;
			productType = "com.apple.product-type.bundle.unit-test";
		};
		82F2B5541BE8C63F0020AA2C /* SisleyUITests */ = {
			isa = PBXNativeTarget;
			buildConfigurationList = 82F2B5641BE8C63F0020AA2C /* Build configuration list for PBXNativeTarget "SisleyUITests" */;
			buildPhases = (
				82F2B5511BE8C63F0020AA2C /* Sources */,
				82F2B5521BE8C63F0020AA2C /* Frameworks */,
				82F2B5531BE8C63F0020AA2C /* Resources */,
			);
			buildRules = (
			);
			dependencies = (
				82F2B5571BE8C63F0020AA2C /* PBXTargetDependency */,
			);
			name = SisleyUITests;
			productName = SisleyUITests;
			productReference = 82F2B5551BE8C63F0020AA2C /* SisleyUITests.xctest */;
			productType = "com.apple.product-type.bundle.ui-testing";
		};
/* End PBXNativeTarget section */

/* Begin PBXProject section */
		82F2B5291BE8C63F0020AA2C /* Project object */ = {
			isa = PBXProject;
			attributes = {
				LastUpgradeCheck = 0710;
				ORGANIZATIONNAME = Ziiw;
				TargetAttributes = {
					82F2B5301BE8C63F0020AA2C = {
						CreatedOnToolsVersion = 7.1;
						DevelopmentTeam = VXURVZN7QN;
					};
					82F2B5491BE8C63F0020AA2C = {
						CreatedOnToolsVersion = 7.1;
						DevelopmentTeam = VXURVZN7QN;
						TestTargetID = 82F2B5301BE8C63F0020AA2C;
					};
					82F2B5541BE8C63F0020AA2C = {
						CreatedOnToolsVersion = 7.1;
						DevelopmentTeam = VXURVZN7QN;
						TestTargetID = 82F2B5301BE8C63F0020AA2C;
					};
				};
			};
			buildConfigurationList = 82F2B52C1BE8C63F0020AA2C /* Build configuration list for PBXProject "Sisley" */;
			compatibilityVersion = "Xcode 3.2";
			developmentRegion = English;
			hasScannedForEncodings = 0;
			knownRegions = (
				en,
				Base,
			);
			mainGroup = 82F2B5281BE8C63F0020AA2C;
			productRefGroup = 82F2B5321BE8C63F0020AA2C /* Products */;
			projectDirPath = "";
			projectRoot = "";
			targets = (
				82F2B5301BE8C63F0020AA2C /* Sisley */,
				82F2B5491BE8C63F0020AA2C /* SisleyTests */,
				82F2B5541BE8C63F0020AA2C /* SisleyUITests */,
			);
		};
/* End PBXProject section */

/* Begin PBXResourcesBuildPhase section */
		82F2B52F1BE8C63F0020AA2C /* Resources */ = {
			isa = PBXResourcesBuildPhase;
			buildActionMask = 2147483647;
			files = (
				8293A3ED1C3C358000DE9E09 /* JumelerWelcomeViewController.xib in Resources */,
				82E58A6B1BE8CBE50078E780 /* .gitignore in Resources */,
				82DB5CA61C11A1E000DDC8B0 /* didot.ttf in Resources */,
				8293A3F61C3C358000DE9E09 /* MomRegistrationViewController.xib in Resources */,
				82DB5CA81C11A1E000DDC8B0 /* Montserrat-Bold.otf in Resources */,
				82DB5CAB1C11A1E000DDC8B0 /* Montserrat-Regular.otf in Resources */,
				8293A4021C3C358000DE9E09 /* MomSendDaughterInvitationConfirmationViewController.xib in Resources */,
				8293A3E81C3C358000DE9E09 /* DaughterEyesPickerViewController.xib in Resources */,
				8293A3EA1C3C358000DE9E09 /* DaughterHairPickViewController.xib in Resources */,
				8293A3AB1C3C355B00DE9E09 /* TutoViewController.xib in Resources */,
				82F2B5441BE8C63F0020AA2C /* LaunchScreen.storyboard in Resources */,
				82F2B5411BE8C63F0020AA2C /* Assets.xcassets in Resources */,
				8293A3F81C3C358000DE9E09 /* MomSelectionProductEndViewController.xib in Resources */,
				8293A4041C3C358000DE9E09 /* MomSendDaughterInvitationViewController.xib in Resources */,
				8293A3EF1C3C358000DE9E09 /* MomAddDaughterViewController.xib in Resources */,
				82DB5CA71C11A1E000DDC8B0 /* Montserrat-Black.otf in Resources */,
				8293A3E61C3C358000DE9E09 /* DaughterComplexionPickerViewController.xib in Resources */,
				8293A3F11C3C358000DE9E09 /* MomHomeViewController.xib in Resources */,
				8293A3FE1C3C358000DE9E09 /* MomSelectionProductWelcomeViewController.xib in Resources */,
				8293A4001C3C358000DE9E09 /* MomSelectionViewController.xib in Resources */,
				8293A3FA1C3C358000DE9E09 /* MomSelectionProductPreviewViewController.xib in Resources */,
				8246372F1C3C54C100BBF985 /* bg-intro.mp4 in Resources */,
				82DB5CA91C11A1E000DDC8B0 /* Montserrat-Hairline.otf in Resources */,
				8293A3FC1C3C358000DE9E09 /* MomSelectionProductViewController.xib in Resources */,
				82F2B53F1BE8C63F0020AA2C /* Main.storyboard in Resources */,
				8293A3AD1C3C355B00DE9E09 /* UserTypeChoiceViewController.xib in Resources */,
				8293A4061C3C358000DE9E09 /* WelcomeMomViewController.xib in Resources */,
				82DB5CAA1C11A1E000DDC8B0 /* Montserrat-Light.otf in Resources */,
				8293A4081C3C358000DE9E09 /* WelcomeProductSelectionViewController.xib in Resources */,
				8293A3F41C3C358000DE9E09 /* MomPostSendInvitationViewController.xib in Resources */,
			);
			runOnlyForDeploymentPostprocessing = 0;
		};
		82F2B5481BE8C63F0020AA2C /* Resources */ = {
			isa = PBXResourcesBuildPhase;
			buildActionMask = 2147483647;
			files = (
			);
			runOnlyForDeploymentPostprocessing = 0;
		};
		82F2B5531BE8C63F0020AA2C /* Resources */ = {
			isa = PBXResourcesBuildPhase;
			buildActionMask = 2147483647;
			files = (
			);
			runOnlyForDeploymentPostprocessing = 0;
		};
/* End PBXResourcesBuildPhase section */

/* Begin PBXShellScriptBuildPhase section */
		05C4C120A42F7640E39B0769 /* Embed Pods Frameworks */ = {
			isa = PBXShellScriptBuildPhase;
			buildActionMask = 2147483647;
			files = (
			);
			inputPaths = (
			);
			name = "Embed Pods Frameworks";
			outputPaths = (
			);
			runOnlyForDeploymentPostprocessing = 0;
			shellPath = /bin/sh;
			shellScript = "\"${SRCROOT}/Pods/Target Support Files/Pods/Pods-frameworks.sh\"\n";
			showEnvVarsInLog = 0;
		};
		0FF380CC5F8BF9281F59F0A5 /* Copy Pods Resources */ = {
			isa = PBXShellScriptBuildPhase;
			buildActionMask = 2147483647;
			files = (
			);
			inputPaths = (
			);
			name = "Copy Pods Resources";
			outputPaths = (
			);
			runOnlyForDeploymentPostprocessing = 0;
			shellPath = /bin/sh;
			shellScript = "\"${SRCROOT}/Pods/Target Support Files/Pods/Pods-resources.sh\"\n";
			showEnvVarsInLog = 0;
		};
		15586A223800EA416E8EABB4 /* Check Pods Manifest.lock */ = {
			isa = PBXShellScriptBuildPhase;
			buildActionMask = 2147483647;
			files = (
			);
			inputPaths = (
			);
			name = "Check Pods Manifest.lock";
			outputPaths = (
			);
			runOnlyForDeploymentPostprocessing = 0;
			shellPath = /bin/sh;
			shellScript = "diff \"${PODS_ROOT}/../Podfile.lock\" \"${PODS_ROOT}/Manifest.lock\" > /dev/null\nif [[ $? != 0 ]] ; then\n    cat << EOM\nerror: The sandbox is not in sync with the Podfile.lock. Run 'pod install' or update your CocoaPods installation.\nEOM\n    exit 1\nfi\n";
			showEnvVarsInLog = 0;
		};
/* End PBXShellScriptBuildPhase section */

/* Begin PBXSourcesBuildPhase section */
		82F2B52D1BE8C63F0020AA2C /* Sources */ = {
			isa = PBXSourcesBuildPhase;
			buildActionMask = 2147483647;
			files = (
				8293A3EC1C3C358000DE9E09 /* JumelerWelcomeViewController.m in Sources */,
				82A1FAC01BF0E4B800351AE6 /* SIFaceItem.m in Sources */,
				8282BACF1C3D57AF009CAFE8 /* BumpViewController.m in Sources */,
				82E4890E1BF4AEF5002E3EC7 /* SIFaceView.m in Sources */,
				8293A3E51C3C358000DE9E09 /* DaughterComplexionPickerViewController.m in Sources */,
				8293A3F51C3C358000DE9E09 /* MomRegistrationViewController.m in Sources */,
				8293A3FB1C3C358000DE9E09 /* MomSelectionProductViewController.m in Sources */,
				8293A40E1C3C35F500DE9E09 /* SITutoViewController.m in Sources */,
				8293A3FD1C3C358000DE9E09 /* MomSelectionProductWelcomeViewController.m in Sources */,
				8293A3AC1C3C355B00DE9E09 /* UserTypeChoiceViewController.m in Sources */,
				828FCC571C3D6494008E34B3 /* MCManager.m in Sources */,
				829AF11B1BF1ED5A0084F860 /* SINose.m in Sources */,
				82E4890B1BF4ABA1002E3EC7 /* SIHomeViewController.m in Sources */,
				8293A3F91C3C358000DE9E09 /* MomSelectionProductPreviewViewController.m in Sources */,
				8293A3F21C3C358000DE9E09 /* MomLoginViewController.m in Sources */,
				826485CF1BEA17C400A862A7 /* CameraViewController.m in Sources */,
				82F2B5391BE8C63F0020AA2C /* AppDelegate.m in Sources */,
				8293A3F01C3C358000DE9E09 /* MomHomeViewController.m in Sources */,
				8293A4031C3C358000DE9E09 /* MomSendDaughterInvitationViewController.m in Sources */,
				8293A3A91C3C355B00DE9E09 /* TutoMainViewController.m in Sources */,
				8293A4051C3C358000DE9E09 /* WelcomeMomViewController.m in Sources */,
				829AF1211BF393F40084F860 /* SILoginViewController.m in Sources */,
				8293A3F31C3C358000DE9E09 /* MomPostSendInvitationViewController.m in Sources */,
				8293A3AA1C3C355B00DE9E09 /* TutoViewController.m in Sources */,
				8293A3EB1C3C358000DE9E09 /* iCarousel.m in Sources */,
				8293A3EE1C3C358000DE9E09 /* MomAddDaughterViewController.m in Sources */,
				8293A3FF1C3C358000DE9E09 /* MomSelectionViewController.m in Sources */,
				8293A4071C3C358000DE9E09 /* WelcomeProductSelectionViewController.m in Sources */,
				82F2B5361BE8C63F0020AA2C /* main.m in Sources */,
				8293A3F71C3C358000DE9E09 /* MomSelectionProductEndViewController.m in Sources */,
				8293A3E91C3C358000DE9E09 /* DaughterHairPickViewController.m in Sources */,
				826485D21BEA434F00A862A7 /* SIFaceViewController.m in Sources */,
				8293A3E71C3C358000DE9E09 /* DaughterEyesPickerViewController.m in Sources */,
				829AF11A1BF1ED5A0084F860 /* SILip.m in Sources */,
				82E58A6E1BE8FF250078E780 /* SIPreviewView.m in Sources */,
				8293A4011C3C358000DE9E09 /* MomSendDaughterInvitationConfirmationViewController.m in Sources */,
				829AF1191BF1ED5A0084F860 /* SIEye.m in Sources */,
			);
			runOnlyForDeploymentPostprocessing = 0;
		};
		82F2B5461BE8C63F0020AA2C /* Sources */ = {
			isa = PBXSourcesBuildPhase;
			buildActionMask = 2147483647;
			files = (
				82F2B54F1BE8C63F0020AA2C /* SisleyTests.m in Sources */,
			);
			runOnlyForDeploymentPostprocessing = 0;
		};
		82F2B5511BE8C63F0020AA2C /* Sources */ = {
			isa = PBXSourcesBuildPhase;
			buildActionMask = 2147483647;
			files = (
				82F2B55A1BE8C63F0020AA2C /* SisleyUITests.m in Sources */,
			);
			runOnlyForDeploymentPostprocessing = 0;
		};
/* End PBXSourcesBuildPhase section */

/* Begin PBXTargetDependency section */
		82F2B54C1BE8C63F0020AA2C /* PBXTargetDependency */ = {
			isa = PBXTargetDependency;
			target = 82F2B5301BE8C63F0020AA2C /* Sisley */;
			targetProxy = 82F2B54B1BE8C63F0020AA2C /* PBXContainerItemProxy */;
		};
		82F2B5571BE8C63F0020AA2C /* PBXTargetDependency */ = {
			isa = PBXTargetDependency;
			target = 82F2B5301BE8C63F0020AA2C /* Sisley */;
			targetProxy = 82F2B5561BE8C63F0020AA2C /* PBXContainerItemProxy */;
		};
/* End PBXTargetDependency section */

/* Begin PBXVariantGroup section */
		82F2B53D1BE8C63F0020AA2C /* Main.storyboard */ = {
			isa = PBXVariantGroup;
			children = (
				82F2B53E1BE8C63F0020AA2C /* Base */,
			);
			name = Main.storyboard;
			sourceTree = "<group>";
		};
		82F2B5421BE8C63F0020AA2C /* LaunchScreen.storyboard */ = {
			isa = PBXVariantGroup;
			children = (
				82F2B5431BE8C63F0020AA2C /* Base */,
			);
			name = LaunchScreen.storyboard;
			sourceTree = "<group>";
		};
/* End PBXVariantGroup section */

/* Begin XCBuildConfiguration section */
		82F2B55C1BE8C63F0020AA2C /* Debug */ = {
			isa = XCBuildConfiguration;
			buildSettings = {
				ALWAYS_SEARCH_USER_PATHS = NO;
				CLANG_CXX_LANGUAGE_STANDARD = "gnu++0x";
				CLANG_CXX_LIBRARY = "libc++";
				CLANG_ENABLE_MODULES = YES;
				CLANG_ENABLE_OBJC_ARC = YES;
				CLANG_WARN_BOOL_CONVERSION = YES;
				CLANG_WARN_CONSTANT_CONVERSION = YES;
				CLANG_WARN_DIRECT_OBJC_ISA_USAGE = YES_ERROR;
				CLANG_WARN_EMPTY_BODY = YES;
				CLANG_WARN_ENUM_CONVERSION = YES;
				CLANG_WARN_INT_CONVERSION = YES;
				CLANG_WARN_OBJC_ROOT_CLASS = YES_ERROR;
				CLANG_WARN_UNREACHABLE_CODE = YES;
				CLANG_WARN__DUPLICATE_METHOD_MATCH = YES;
				"CODE_SIGN_IDENTITY[sdk=iphoneos*]" = "iPhone Developer";
				COPY_PHASE_STRIP = NO;
				DEBUG_INFORMATION_FORMAT = dwarf;
				ENABLE_STRICT_OBJC_MSGSEND = YES;
				ENABLE_TESTABILITY = YES;
				GCC_C_LANGUAGE_STANDARD = gnu99;
				GCC_DYNAMIC_NO_PIC = NO;
				GCC_NO_COMMON_BLOCKS = YES;
				GCC_OPTIMIZATION_LEVEL = 0;
				GCC_PREPROCESSOR_DEFINITIONS = (
					"DEBUG=1",
					"$(inherited)",
				);
				GCC_WARN_64_TO_32_BIT_CONVERSION = YES;
				GCC_WARN_ABOUT_RETURN_TYPE = YES_ERROR;
				GCC_WARN_UNDECLARED_SELECTOR = YES;
				GCC_WARN_UNINITIALIZED_AUTOS = YES_AGGRESSIVE;
				GCC_WARN_UNUSED_FUNCTION = YES;
				GCC_WARN_UNUSED_VARIABLE = YES;
				IPHONEOS_DEPLOYMENT_TARGET = 9.1;
				MTL_ENABLE_DEBUG_INFO = YES;
				ONLY_ACTIVE_ARCH = YES;
				SDKROOT = iphoneos;
			};
			name = Debug;
		};
		82F2B55D1BE8C63F0020AA2C /* Release */ = {
			isa = XCBuildConfiguration;
			buildSettings = {
				ALWAYS_SEARCH_USER_PATHS = NO;
				CLANG_CXX_LANGUAGE_STANDARD = "gnu++0x";
				CLANG_CXX_LIBRARY = "libc++";
				CLANG_ENABLE_MODULES = YES;
				CLANG_ENABLE_OBJC_ARC = YES;
				CLANG_WARN_BOOL_CONVERSION = YES;
				CLANG_WARN_CONSTANT_CONVERSION = YES;
				CLANG_WARN_DIRECT_OBJC_ISA_USAGE = YES_ERROR;
				CLANG_WARN_EMPTY_BODY = YES;
				CLANG_WARN_ENUM_CONVERSION = YES;
				CLANG_WARN_INT_CONVERSION = YES;
				CLANG_WARN_OBJC_ROOT_CLASS = YES_ERROR;
				CLANG_WARN_UNREACHABLE_CODE = YES;
				CLANG_WARN__DUPLICATE_METHOD_MATCH = YES;
				"CODE_SIGN_IDENTITY[sdk=iphoneos*]" = "iPhone Developer";
				COPY_PHASE_STRIP = NO;
				DEBUG_INFORMATION_FORMAT = "dwarf-with-dsym";
				ENABLE_NS_ASSERTIONS = NO;
				ENABLE_STRICT_OBJC_MSGSEND = YES;
				GCC_C_LANGUAGE_STANDARD = gnu99;
				GCC_NO_COMMON_BLOCKS = YES;
				GCC_WARN_64_TO_32_BIT_CONVERSION = YES;
				GCC_WARN_ABOUT_RETURN_TYPE = YES_ERROR;
				GCC_WARN_UNDECLARED_SELECTOR = YES;
				GCC_WARN_UNINITIALIZED_AUTOS = YES_AGGRESSIVE;
				GCC_WARN_UNUSED_FUNCTION = YES;
				GCC_WARN_UNUSED_VARIABLE = YES;
				IPHONEOS_DEPLOYMENT_TARGET = 9.1;
				MTL_ENABLE_DEBUG_INFO = NO;
				SDKROOT = iphoneos;
				VALIDATE_PRODUCT = YES;
			};
			name = Release;
		};
		82F2B55F1BE8C63F0020AA2C /* Debug */ = {
			isa = XCBuildConfiguration;
			baseConfigurationReference = C4585F5B8311C42163BA505F /* Pods.debug.xcconfig */;
			buildSettings = {
				ASSETCATALOG_COMPILER_APPICON_NAME = "AppIcon-1";
				INFOPLIST_FILE = Sisley/Info.plist;
				LD_RUNPATH_SEARCH_PATHS = "$(inherited) @executable_path/Frameworks";
				PRODUCT_BUNDLE_IDENTIFIER = ziiw.Sisley;
				PRODUCT_NAME = "$(TARGET_NAME)";
			};
			name = Debug;
		};
		82F2B5601BE8C63F0020AA2C /* Release */ = {
			isa = XCBuildConfiguration;
			baseConfigurationReference = 81FB3235D60C34EDA69C1008 /* Pods.release.xcconfig */;
			buildSettings = {
				ASSETCATALOG_COMPILER_APPICON_NAME = "AppIcon-1";
				INFOPLIST_FILE = Sisley/Info.plist;
				LD_RUNPATH_SEARCH_PATHS = "$(inherited) @executable_path/Frameworks";
				PRODUCT_BUNDLE_IDENTIFIER = ziiw.Sisley;
				PRODUCT_NAME = "$(TARGET_NAME)";
			};
			name = Release;
		};
		82F2B5621BE8C63F0020AA2C /* Debug */ = {
			isa = XCBuildConfiguration;
			buildSettings = {
				BUNDLE_LOADER = "$(TEST_HOST)";
				INFOPLIST_FILE = SisleyTests/Info.plist;
				LD_RUNPATH_SEARCH_PATHS = "$(inherited) @executable_path/Frameworks @loader_path/Frameworks";
				PRODUCT_BUNDLE_IDENTIFIER = ziiw.SisleyTests;
				PRODUCT_NAME = "$(TARGET_NAME)";
				TEST_HOST = "$(BUILT_PRODUCTS_DIR)/Sisley.app/Sisley";
			};
			name = Debug;
		};
		82F2B5631BE8C63F0020AA2C /* Release */ = {
			isa = XCBuildConfiguration;
			buildSettings = {
				BUNDLE_LOADER = "$(TEST_HOST)";
				INFOPLIST_FILE = SisleyTests/Info.plist;
				LD_RUNPATH_SEARCH_PATHS = "$(inherited) @executable_path/Frameworks @loader_path/Frameworks";
				PRODUCT_BUNDLE_IDENTIFIER = ziiw.SisleyTests;
				PRODUCT_NAME = "$(TARGET_NAME)";
				TEST_HOST = "$(BUILT_PRODUCTS_DIR)/Sisley.app/Sisley";
			};
			name = Release;
		};
		82F2B5651BE8C63F0020AA2C /* Debug */ = {
			isa = XCBuildConfiguration;
			buildSettings = {
				INFOPLIST_FILE = SisleyUITests/Info.plist;
				LD_RUNPATH_SEARCH_PATHS = "$(inherited) @executable_path/Frameworks @loader_path/Frameworks";
				PRODUCT_BUNDLE_IDENTIFIER = ziiw.SisleyUITests;
				PRODUCT_NAME = "$(TARGET_NAME)";
				TEST_TARGET_NAME = Sisley;
				USES_XCTRUNNER = YES;
			};
			name = Debug;
		};
		82F2B5661BE8C63F0020AA2C /* Release */ = {
			isa = XCBuildConfiguration;
			buildSettings = {
				INFOPLIST_FILE = SisleyUITests/Info.plist;
				LD_RUNPATH_SEARCH_PATHS = "$(inherited) @executable_path/Frameworks @loader_path/Frameworks";
				PRODUCT_BUNDLE_IDENTIFIER = ziiw.SisleyUITests;
				PRODUCT_NAME = "$(TARGET_NAME)";
				TEST_TARGET_NAME = Sisley;
				USES_XCTRUNNER = YES;
			};
			name = Release;
		};
/* End XCBuildConfiguration section */

/* Begin XCConfigurationList section */
		82F2B52C1BE8C63F0020AA2C /* Build configuration list for PBXProject "Sisley" */ = {
			isa = XCConfigurationList;
			buildConfigurations = (
				82F2B55C1BE8C63F0020AA2C /* Debug */,
				82F2B55D1BE8C63F0020AA2C /* Release */,
			);
			defaultConfigurationIsVisible = 0;
			defaultConfigurationName = Release;
		};
		82F2B55E1BE8C63F0020AA2C /* Build configuration list for PBXNativeTarget "Sisley" */ = {
			isa = XCConfigurationList;
			buildConfigurations = (
				82F2B55F1BE8C63F0020AA2C /* Debug */,
				82F2B5601BE8C63F0020AA2C /* Release */,
			);
			defaultConfigurationIsVisible = 0;
			defaultConfigurationName = Release;
		};
		82F2B5611BE8C63F0020AA2C /* Build configuration list for PBXNativeTarget "SisleyTests" */ = {
			isa = XCConfigurationList;
			buildConfigurations = (
				82F2B5621BE8C63F0020AA2C /* Debug */,
				82F2B5631BE8C63F0020AA2C /* Release */,
			);
			defaultConfigurationIsVisible = 0;
			defaultConfigurationName = Release;
		};
		82F2B5641BE8C63F0020AA2C /* Build configuration list for PBXNativeTarget "SisleyUITests" */ = {
			isa = XCConfigurationList;
			buildConfigurations = (
				82F2B5651BE8C63F0020AA2C /* Debug */,
				82F2B5661BE8C63F0020AA2C /* Release */,
			);
			defaultConfigurationIsVisible = 0;
			defaultConfigurationName = Release;
		};
/* End XCConfigurationList section */
	};
	rootObject = 82F2B5291BE8C63F0020AA2C /* Project object */;
}
